
Microsoft Visual Studio Solution File, Format Version 12.00
# Visual Studio Version 16
VisualStudioVersion = 16.0.31129.286
MinimumVisualStudioVersion = 10.0.40219.1
Project("{9A19103F-16F7-4668-BE54-9A1E7A4F7556}") = "ConsoleApp3", "ConsoleApp3\ConsoleApp3.csproj", "{BCD5FE79-487E-4129-8AC5-8FE2C7BCFAF8}"
EndProject
Project("{9A19103F-16F7-4668-BE54-9A1E7A4F7556}") = "NikonFormats", "NikonFormats\NikonFormats.csproj", "{E67C49A4-02F7-4BA8-A054-F489E5BAFBE2}"
EndProject
Project("{9A19103F-16F7-4668-BE54-9A1E7A4F7556}") = "WpfApp1", "WpfApp1\WpfApp1.csproj", "{A0971E65-A96A-44D2-A070-56A48A39C087}"
EndProject
Global
	GlobalSection(SolutionConfigurationPlatforms) = preSolution
		Debug|Any CPU = Debug|Any CPU
		Release|Any CPU = Release|Any CPU
	EndGlobalSection
	GlobalSection(ProjectConfigurationPlatforms) = postSolution
		{BCD5FE79-487E-4129-8AC5-8FE2C7BCFAF8}.Debug|Any CPU.ActiveCfg = Debug|Any CPU
		{BCD5FE79-487E-4129-8AC5-8FE2C7BCFAF8}.Debug|Any CPU.Build.0 = Debug|Any CPU
		{BCD5FE79-487E-4129-8AC5-8FE2C7BCFAF8}.Release|Any CPU.ActiveCfg = Release|Any CPU
		{BCD5FE79-487E-4129-8AC5-8FE2C7BCFAF8}.Release|Any CPU.Build.0 = Release|Any CPU
		{E67C49A4-02F7-4BA8-A054-F489E5BAFBE2}.Debug|Any CPU.ActiveCfg = Debug|Any CPU
		{E67C49A4-02F7-4BA8-A054-F489E5BAFBE2}.Debug|Any CPU.Build.0 = Debug|Any CPU
		{E67C49A4-02F7-4BA8-A054-F489E5BAFBE2}.Release|Any CPU.ActiveCfg = Release|Any CPU
		{E67C49A4-02F7-4BA8-A054-F489E5BAFBE2}.Release|Any CPU.Build.0 = Release|Any CPU
		{A0971E65-A96A-44D2-A070-56A48A39C087}.Debug|Any CPU.ActiveCfg = Debug|Any CPU
		{A0971E65-A96A-44D2-A070-56A48A39C087}.Debug|Any CPU.Build.0 = Debug|Any CPU
		{A0971E65-A96A-44D2-A070-56A48A39C087}.Release|Any CPU.ActiveCfg = Release|Any CPU
		{A0971E65-A96A-44D2-A070-56A48A39C087}.Release|Any CPU.Build.0 = Release|Any CPU
	EndGlobalSection
	GlobalSection(SolutionProperties) = preSolution
		HideSolutionNode = FALSE
	EndGlobalSection
	GlobalSection(ExtensibilityGlobals) = postSolution
		SolutionGuid = {0B368DF8-4DB0-4978-A5C3-EE51B283541E}
	EndGlobalSection
EndGlobal
