
Microsoft Visual Studio Solution File, Format Version 12.00
# Visual Studio 2013
VisualStudioVersion = 12.0.31101.0
MinimumVisualStudioVersion = 10.0.40219.1
Project("{FAE04EC0-301F-11D3-BF4B-00C04F79EFBC}") = "UsbMonitor", "UsbMonitor\UsbMonitor.csproj", "{5A08FA7F-9E74-4A1F-A66B-58D6B2EF9B1F}"
EndProject
Project("{FAE04EC0-301F-11D3-BF4B-00C04F79EFBC}") = "DesktopToWinRT", "DesktopToWinRT\DesktopToWinRT.csproj", "{48F135BB-5131-490F-9D9C-0BD4D7BFD359}"
EndProject
Project("{FAE04EC0-301F-11D3-BF4B-00C04F79EFBC}") = "UsbEnumerator", "UsbEnumerator\UsbEnumerator.csproj", "{6FCB58DB-3977-4517-A02D-C8D0A25FDB0F}"
EndProject
Project("{FAE04EC0-301F-11D3-BF4B-00C04F79EFBC}") = "InfFinder", "InfFinder\InfFinder.csproj", "{7355134E-61B5-4002-BD3F-964E68855B09}"
EndProject
Project("{FAE04EC0-301F-11D3-BF4B-00C04F79EFBC}") = "UsbGps", "UsbGps\UsbGps.csproj", "{D147E802-91F9-41F9-9254-247EDB9C7A54}"
EndProject
Global
	GlobalSection(TeamFoundationVersionControl) = preSolution
		SccNumberOfProjects = 6
		SccEnterpriseProvider = {4CA58AB2-18FA-4F8D-95D4-32DDF27D184C}
		SccTeamFoundationServer = https://whitedus.visualstudio.com/defaultcollection
		SccLocalPath0 = .
		SccProjectUniqueName1 = DesktopToWinRT\\DesktopToWinRT.csproj
		SccProjectName1 = DesktopToWinRT
		SccLocalPath1 = DesktopToWinRT
		SccProjectUniqueName2 = InfFinder\\InfFinder.csproj
		SccProjectName2 = InfFinder
		SccLocalPath2 = InfFinder
		SccProjectUniqueName3 = UsbEnumerator\\UsbEnumerator.csproj
		SccProjectName3 = UsbEnumerator
		SccLocalPath3 = UsbEnumerator
		SccProjectUniqueName4 = UsbGps\\UsbGps.csproj
		SccProjectName4 = UsbGps
		SccLocalPath4 = UsbGps
		SccProjectUniqueName5 = UsbMonitor\\UsbMonitor.csproj
		SccProjectName5 = UsbMonitor
		SccLocalPath5 = UsbMonitor
	EndGlobalSection
	GlobalSection(SolutionConfigurationPlatforms) = preSolution
		Debug|Any CPU = Debug|Any CPU
		Release|Any CPU = Release|Any CPU
	EndGlobalSection
	GlobalSection(ProjectConfigurationPlatforms) = postSolution
		{5A08FA7F-9E74-4A1F-A66B-58D6B2EF9B1F}.Debug|Any CPU.ActiveCfg = Debug|Any CPU
		{5A08FA7F-9E74-4A1F-A66B-58D6B2EF9B1F}.Debug|Any CPU.Build.0 = Debug|Any CPU
		{5A08FA7F-9E74-4A1F-A66B-58D6B2EF9B1F}.Release|Any CPU.ActiveCfg = Release|Any CPU
		{5A08FA7F-9E74-4A1F-A66B-58D6B2EF9B1F}.Release|Any CPU.Build.0 = Release|Any CPU
		{48F135BB-5131-490F-9D9C-0BD4D7BFD359}.Debug|Any CPU.ActiveCfg = Debug|Any CPU
		{48F135BB-5131-490F-9D9C-0BD4D7BFD359}.Debug|Any CPU.Build.0 = Debug|Any CPU
		{48F135BB-5131-490F-9D9C-0BD4D7BFD359}.Release|Any CPU.ActiveCfg = Release|Any CPU
		{48F135BB-5131-490F-9D9C-0BD4D7BFD359}.Release|Any CPU.Build.0 = Release|Any CPU
		{6FCB58DB-3977-4517-A02D-C8D0A25FDB0F}.Debug|Any CPU.ActiveCfg = Debug|Any CPU
		{6FCB58DB-3977-4517-A02D-C8D0A25FDB0F}.Debug|Any CPU.Build.0 = Debug|Any CPU
		{6FCB58DB-3977-4517-A02D-C8D0A25FDB0F}.Release|Any CPU.ActiveCfg = Release|Any CPU
		{6FCB58DB-3977-4517-A02D-C8D0A25FDB0F}.Release|Any CPU.Build.0 = Release|Any CPU
		{7355134E-61B5-4002-BD3F-964E68855B09}.Debug|Any CPU.ActiveCfg = Debug|Any CPU
		{7355134E-61B5-4002-BD3F-964E68855B09}.Debug|Any CPU.Build.0 = Debug|Any CPU
		{7355134E-61B5-4002-BD3F-964E68855B09}.Release|Any CPU.ActiveCfg = Release|Any CPU
		{7355134E-61B5-4002-BD3F-964E68855B09}.Release|Any CPU.Build.0 = Release|Any CPU
		{D147E802-91F9-41F9-9254-247EDB9C7A54}.Debug|Any CPU.ActiveCfg = Debug|Any CPU
		{D147E802-91F9-41F9-9254-247EDB9C7A54}.Debug|Any CPU.Build.0 = Debug|Any CPU
		{D147E802-91F9-41F9-9254-247EDB9C7A54}.Release|Any CPU.ActiveCfg = Release|Any CPU
		{D147E802-91F9-41F9-9254-247EDB9C7A54}.Release|Any CPU.Build.0 = Release|Any CPU
	EndGlobalSection
	GlobalSection(SolutionProperties) = preSolution
		HideSolutionNode = FALSE
	EndGlobalSection
EndGlobal
