
Microsoft Visual Studio Solution File, Format Version 12.00
# Visual Studio 2013
VisualStudioVersion = 12.0.30110.0
MinimumVisualStudioVersion = 10.0.40219.1
Project("{2150E333-8FDC-42A3-9474-1A3956D46DE8}") = "TestProjects", "TestProjects", "{7F2A5206-0908-44C6-B4D2-2AEE366A63EB}"
EndProject
Project("{2150E333-8FDC-42A3-9474-1A3956D46DE8}") = "NetworkRelayClient", "NetworkRelayClient", "{DDB2DE48-AB21-441B-85A3-D1D7941F107E}"
EndProject
Project("{2150E333-8FDC-42A3-9474-1A3956D46DE8}") = "Solution Items", "Solution Items", "{EC554DA4-038C-4159-978F-3A7F8A021197}"
	ProjectSection(SolutionItems) = preProject
		Deploy.bat = Deploy.bat
		LocalTestRun.testrunconfig = LocalTestRun.testrunconfig
		WhitedUS.snk = WhitedUS.snk
		WWW.vsmdi = WWW.vsmdi
		WWW1.vsmdi = WWW1.vsmdi
		WWW2.vsmdi = WWW2.vsmdi
	EndProjectSection
EndProject
Project("{2150E333-8FDC-42A3-9474-1A3956D46DE8}") = "ClientApp", "ClientApp", "{0D3F964D-A778-4CF6-84F5-0DBBEE970267}"
EndProject
Project("{2150E333-8FDC-42A3-9474-1A3956D46DE8}") = "MVC", "MVC", "{BFF5095A-CB5C-4497-8AA2-70DF9471FB7E}"
EndProject
Project("{FAE04EC0-301F-11D3-BF4B-00C04F79EFBC}") = "Whited_US", "Whited_US\Whited_US.csproj", "{098A745C-A502-4A54-BA60-DB5F711EAA2A}"
EndProject
Project("{FAE04EC0-301F-11D3-BF4B-00C04F79EFBC}") = "WhitedUS.Web.Controls", "WhitedUS.Web.Controls\WhitedUS.Web.Controls.csproj", "{A81D45C8-84FD-4BE6-8777-A2B4AC66CDAF}"
EndProject
Project("{FAE04EC0-301F-11D3-BF4B-00C04F79EFBC}") = "WhitedUS.Data", "WhitedUS.Data\WhitedUS.Data.csproj", "{8AC22EE6-7D64-4C9B-AD8E-6B0B0437C41C}"
EndProject
Project("{FAE04EC0-301F-11D3-BF4B-00C04F79EFBC}") = "WhitedUS.Libs", "WhitedUS.Libs\WhitedUS.Libs.csproj", "{4239FE33-388D-4549-AD67-F54C04EEF0A1}"
EndProject
Project("{2CFEAB61-6A3B-4EB8-B523-560B4BEEF521}") = "WhitedUS_deploy", "WhitedUS_deploy\WhitedUS_deploy.wdproj", "{AAE7DE3D-B89D-444E-A098-B29550A83988}"
EndProject
Project("{FAE04EC0-301F-11D3-BF4B-00C04F79EFBC}") = "Deploy2AlphaSite", "Deploy2AlphaSite\Deploy2AlphaSite.csproj", "{F06D5F2B-9172-4DD2-9CA4-859CF059362B}"
	ProjectSection(ProjectDependencies) = postProject
		{4239FE33-388D-4549-AD67-F54C04EEF0A1} = {4239FE33-388D-4549-AD67-F54C04EEF0A1}
		{AAE7DE3D-B89D-444E-A098-B29550A83988} = {AAE7DE3D-B89D-444E-A098-B29550A83988}
		{63E35A41-8E83-41B0-9047-186C65D708F8} = {63E35A41-8E83-41B0-9047-186C65D708F8}
		{C5960C45-EBD5-4978-9BC3-FB685929B352} = {C5960C45-EBD5-4978-9BC3-FB685929B352}
		{098A745C-A502-4A54-BA60-DB5F711EAA2A} = {098A745C-A502-4A54-BA60-DB5F711EAA2A}
		{B8D65F94-7E5C-4CC7-805F-84A03F9BE708} = {B8D65F94-7E5C-4CC7-805F-84A03F9BE708}
		{82A6A197-27C2-4BCF-8E8E-42682025F750} = {82A6A197-27C2-4BCF-8E8E-42682025F750}
		{3A91C8BC-3E6E-415C-8461-A602A7AA00FD} = {3A91C8BC-3E6E-415C-8461-A602A7AA00FD}
		{A81D45C8-84FD-4BE6-8777-A2B4AC66CDAF} = {A81D45C8-84FD-4BE6-8777-A2B4AC66CDAF}
		{8AC22EE6-7D64-4C9B-AD8E-6B0B0437C41C} = {8AC22EE6-7D64-4C9B-AD8E-6B0B0437C41C}
	EndProjectSection
EndProject
Project("{FAE04EC0-301F-11D3-BF4B-00C04F79EFBC}") = "WhitedUS.Common", "WhitedUS.Common\WhitedUS.Common.csproj", "{82A6A197-27C2-4BCF-8E8E-42682025F750}"
EndProject
Project("{FAE04EC0-301F-11D3-BF4B-00C04F79EFBC}") = "EXIF", "TestProjects\EXIF\EXIF.csproj", "{71DF1892-536C-4B53-9225-F2CCE30BA68E}"
EndProject
Project("{FAE04EC0-301F-11D3-BF4B-00C04F79EFBC}") = "wiaTest", "TestProjects\wiaTest\wiaTest.csproj", "{87DACFA7-B617-456E-9093-C6E853935E60}"
EndProject
Project("{FAE04EC0-301F-11D3-BF4B-00C04F79EFBC}") = "mediaCollectiontest", "mediaCollectiontest\mediaCollectiontest.csproj", "{FA9E9BEC-3856-4FD0-9BB6-612A985F7CAE}"
EndProject
Project("{FAE04EC0-301F-11D3-BF4B-00C04F79EFBC}") = "WhitedUS.Services", "WhitedUS.Services\WhitedUS.Services.csproj", "{C5960C45-EBD5-4978-9BC3-FB685929B352}"
EndProject
Project("{FAE04EC0-301F-11D3-BF4B-00C04F79EFBC}") = "Monitor.Client", "TestProjects\NetworkRelayClient\Monitor.Client\Monitor.Client.csproj", "{EE113CCB-079E-45A5-B9A8-9934D3CBF3F1}"
EndProject
Project("{FAE04EC0-301F-11D3-BF4B-00C04F79EFBC}") = "Monitor.Service.Callbacks", "TestProjects\NetworkRelayClient\Monitor.Service.Callbacks\Monitor.Service.Callbacks.csproj", "{F48F5A93-F86B-4E1B-9CCD-D4BA85C2C7D5}"
	ProjectSection(ProjectDependencies) = postProject
		{098A745C-A502-4A54-BA60-DB5F711EAA2A} = {098A745C-A502-4A54-BA60-DB5F711EAA2A}
	EndProjectSection
EndProject
Project("{FAE04EC0-301F-11D3-BF4B-00C04F79EFBC}") = "WhitedUS.Security", "WhitedUS.Security\WhitedUS.Security.csproj", "{63E35A41-8E83-41B0-9047-186C65D708F8}"
EndProject
Project("{FAE04EC0-301F-11D3-BF4B-00C04F79EFBC}") = "MyMembershipProviderTest", "TestProjects\MyMembershipProviderTest\MyMembershipProviderTest.csproj", "{4C1E4548-E874-4A20-8F97-D464227CF499}"
EndProject
Project("{F184B08F-C81C-45F6-A57F-5ABD9991F28F}") = "WhitedUS.VB", "WhitedUS.VB\WhitedUS.VB.vbproj", "{5949A3D2-84AC-4DE8-A9C0-DDEE620EDF73}"
EndProject
Project("{F184B08F-C81C-45F6-A57F-5ABD9991F28F}") = "WhitedUS.VB.Test", "TestProjects\WhitedUS.VB.Test\WhitedUS.VB.Test.vbproj", "{3A21B3D5-0542-4B36-99CD-EDC1D9778A4A}"
EndProject
Project("{FAE04EC0-301F-11D3-BF4B-00C04F79EFBC}") = "WhitedUS.Runtime", "WhitedUS.Runtime\WhitedUS.Runtime.csproj", "{CC9149E0-426F-4D0A-889F-C01860C27EA8}"
EndProject
Project("{FAE04EC0-301F-11D3-BF4B-00C04F79EFBC}") = "WhitedUS.Runtime.Definitions", "WhitedUS.Runtime.Definitions\WhitedUS.Runtime.Definitions.csproj", "{AE57FEFF-5551-46F7-AAB9-561CFBFF2D7A}"
EndProject
Project("{FAE04EC0-301F-11D3-BF4B-00C04F79EFBC}") = "WhitedUS.Runtime.Addons", "WhitedUS.Runtime.Addons\WhitedUS.Runtime.Addons.csproj", "{DB79614B-D73D-4F8D-B0BC-3E78B971A611}"
EndProject
Project("{FAE04EC0-301F-11D3-BF4B-00C04F79EFBC}") = "WhitedUS.LdapMembersipTest", "TestProjects\WhitedUS.LdapMembersipTest\WhitedUS.LdapMembersipTest.csproj", "{AF5D8ED8-0F6D-4C84-92FC-6A0A2F5DA8A3}"
EndProject
Project("{FAE04EC0-301F-11D3-BF4B-00C04F79EFBC}") = "WhitedUSSecurityTests", "TestProjects\WhitedUSSecurityTests\WhitedUSSecurityTests.csproj", "{A183A0BD-6170-4D27-966B-3EBE357AA136}"
EndProject
Project("{FAE04EC0-301F-11D3-BF4B-00C04F79EFBC}") = "WhitedUSDataTests", "TestProjects\WhitedUSDataTests\WhitedUSDataTests.csproj", "{28D42ABA-840D-415F-B592-3BCEC8B09C36}"
EndProject
Project("{FAE04EC0-301F-11D3-BF4B-00C04F79EFBC}") = "PhotoAlbumViewer", "ClientApp\PhotoAlbumViewer\PhotoAlbumViewer.csproj", "{A83A245E-A86E-4479-B4D2-DD86407EF28D}"
EndProject
Project("{FAE04EC0-301F-11D3-BF4B-00C04F79EFBC}") = "WpfTestApp", "TestProjects\WpfTestApp\WpfTestApp.csproj", "{D36E921E-26E8-4C77-81DD-63EF2FAFB2D4}"
EndProject
Project("{FAE04EC0-301F-11D3-BF4B-00C04F79EFBC}") = "WcfPhotoServicesTest", "TestProjects\WcfPhotoServicesTest\WcfPhotoServicesTest.csproj", "{ECBF03BC-6AF1-4B9C-B246-4D6024D32169}"
	ProjectSection(ProjectDependencies) = postProject
		{098A745C-A502-4A54-BA60-DB5F711EAA2A} = {098A745C-A502-4A54-BA60-DB5F711EAA2A}
	EndProjectSection
EndProject
Project("{FAE04EC0-301F-11D3-BF4B-00C04F79EFBC}") = "WhitedUSLibsTests", "TestProjects\WhitedUSLibsTests\WhitedUSLibsTests.csproj", "{D867A3CA-B6B0-48F0-9C53-FE0AA4D1A65E}"
EndProject
Project("{FAE04EC0-301F-11D3-BF4B-00C04F79EFBC}") = "WhitedUSServicesTests", "TestProjects\WhitedUSServicesTests\WhitedUSServicesTests.csproj", "{A4AAEFDA-205E-4B3C-8F0E-2B36806DBAF6}"
EndProject
Project("{FAE04EC0-301F-11D3-BF4B-00C04F79EFBC}") = "XsltTest", "TestProjects\XsltTest\XsltTest.csproj", "{02613A49-03E2-42CD-AFBB-A18AB9D1C8F7}"
EndProject
Project("{FAE04EC0-301F-11D3-BF4B-00C04F79EFBC}") = "WebViewer", "ClientApp\WebViewer\WebViewer.csproj", "{FDDD8010-8183-4B33-ADAD-21148FF73FB4}"
EndProject
Project("{FAE04EC0-301F-11D3-BF4B-00C04F79EFBC}") = "HackersBasement", "HackersBasement\HackersBasement.csproj", "{CD2D957D-08EE-44A6-9E97-7D9C752F1095}"
EndProject
Project("{FAE04EC0-301F-11D3-BF4B-00C04F79EFBC}") = "WhitedUS.ServiceModel", "WhitedUS.ServiceModel\WhitedUS.ServiceModel.csproj", "{FD9AE8CC-7C24-42DD-9EDD-84F62BB3A72A}"
EndProject
Project("{FAE04EC0-301F-11D3-BF4B-00C04F79EFBC}") = "WhitedUS.ServiceModel.Office", "WhitedUS.ServiceModel.Office\WhitedUS.ServiceModel.Office.csproj", "{6D243C33-6481-4E9D-B639-DEDAFCBA6E60}"
EndProject
Project("{FAE04EC0-301F-11D3-BF4B-00C04F79EFBC}") = "OfficeServicesHost", "TestProjects\OfficeServicesHost\OfficeServicesHost.csproj", "{2ADB4463-3E4D-4F5B-AF5D-E84138419047}"
EndProject
Project("{FAE04EC0-301F-11D3-BF4B-00C04F79EFBC}") = "ResizeTool", "ClientApp\ResizeTool\ResizeTool.csproj", "{6B4E0DAE-4301-4378-88CB-BBC8A1F6903F}"
EndProject
Project("{FAE04EC0-301F-11D3-BF4B-00C04F79EFBC}") = "WhitedUS_MVC", "MVC\WhitedUS_MVC\WhitedUS_MVC.csproj", "{B8D65F94-7E5C-4CC7-805F-84A03F9BE708}"
EndProject
Project("{FAE04EC0-301F-11D3-BF4B-00C04F79EFBC}") = "WhitedUS_MVC.Tests", "MVC\WhitedUS_MVC.Tests\WhitedUS_MVC.Tests.csproj", "{D4473057-F06F-4959-ABEA-34894A6371B6}"
EndProject
Project("{2CFEAB61-6A3B-4EB8-B523-560B4BEEF521}") = "WhitedUS_MVC.csproj_deploy", "MVC\WhitedUS_MVC.csproj_deploy\WhitedUS_MVC.csproj_deploy.wdproj", "{3A91C8BC-3E6E-415C-8461-A602A7AA00FD}"
EndProject
Project("{FAE04EC0-301F-11D3-BF4B-00C04F79EFBC}") = "WhitedUS.Web.Mvc", "WhitedUS.Web.Mvc\WhitedUS.Web.Mvc.csproj", "{4E8B421E-1EB7-4343-A5B8-1BC09D77978C}"
EndProject
Project("{FAE04EC0-301F-11D3-BF4B-00C04F79EFBC}") = "WhitedUSCommonTests", "TestProjects\WhitedUSCommonTests\WhitedUSCommonTests.csproj", "{48713B9A-3CFC-4150-B404-26D01FC01946}"
EndProject
Project("{FAE04EC0-301F-11D3-BF4B-00C04F79EFBC}") = "restClient", "TestProjects\restClient\restClient.csproj", "{3A1997CB-9CE9-4F4C-8060-AA131CE7EC15}"
EndProject
Project("{FAE04EC0-301F-11D3-BF4B-00C04F79EFBC}") = "WhitedUS.ChattyClient", "WhitedUS.ChattyClient\WhitedUS.ChattyClient.csproj", "{E6C2118C-44F1-42EF-AEDF-6E655835A161}"
EndProject
Project("{FAE04EC0-301F-11D3-BF4B-00C04F79EFBC}") = "ChattyTest", "ClientApp\ChattyTest\ChattyTest.csproj", "{66FC9BAC-844B-4FD7-89E5-42AF71DA1808}"
EndProject
Project("{FAE04EC0-301F-11D3-BF4B-00C04F79EFBC}") = "WhitedUS.PhotoAdapter", "WhitedUS.PhotoAdapter\WhitedUS.PhotoAdapter.csproj", "{0FB869F8-948C-4764-B1D8-E02118A7C92E}"
EndProject
Project("{FAE04EC0-301F-11D3-BF4B-00C04F79EFBC}") = "WhitedUS.GPSTools", "WhitedUS.GPSTools\WhitedUS.GPSTools.csproj", "{B90CF1A9-7633-41B0-8103-693D6276A581}"
EndProject
Project("{FAE04EC0-301F-11D3-BF4B-00C04F79EFBC}") = "WhitedUSGPSToolsTest", "TestProjects\WhitedUSGPSToolsTest\WhitedUSGPSToolsTest.csproj", "{1F356A04-CE61-4B0C-BECE-3B94D58C070E}"
EndProject
Global
	GlobalSection(SolutionConfigurationPlatforms) = preSolution
		Debug|Any CPU = Debug|Any CPU
		Deploy|Any CPU = Deploy|Any CPU
		Release|Any CPU = Release|Any CPU
	EndGlobalSection
	GlobalSection(ProjectConfigurationPlatforms) = postSolution
		{098A745C-A502-4A54-BA60-DB5F711EAA2A}.Debug|Any CPU.ActiveCfg = Debug|Any CPU
		{098A745C-A502-4A54-BA60-DB5F711EAA2A}.Debug|Any CPU.Build.0 = Debug|Any CPU
		{098A745C-A502-4A54-BA60-DB5F711EAA2A}.Deploy|Any CPU.ActiveCfg = Debug|Any CPU
		{098A745C-A502-4A54-BA60-DB5F711EAA2A}.Deploy|Any CPU.Build.0 = Debug|Any CPU
		{098A745C-A502-4A54-BA60-DB5F711EAA2A}.Release|Any CPU.ActiveCfg = Release|Any CPU
		{098A745C-A502-4A54-BA60-DB5F711EAA2A}.Release|Any CPU.Build.0 = Release|Any CPU
		{A81D45C8-84FD-4BE6-8777-A2B4AC66CDAF}.Debug|Any CPU.ActiveCfg = Debug|Any CPU
		{A81D45C8-84FD-4BE6-8777-A2B4AC66CDAF}.Debug|Any CPU.Build.0 = Debug|Any CPU
		{A81D45C8-84FD-4BE6-8777-A2B4AC66CDAF}.Deploy|Any CPU.ActiveCfg = Debug|Any CPU
		{A81D45C8-84FD-4BE6-8777-A2B4AC66CDAF}.Deploy|Any CPU.Build.0 = Debug|Any CPU
		{A81D45C8-84FD-4BE6-8777-A2B4AC66CDAF}.Release|Any CPU.ActiveCfg = Release|Any CPU
		{A81D45C8-84FD-4BE6-8777-A2B4AC66CDAF}.Release|Any CPU.Build.0 = Release|Any CPU
		{8AC22EE6-7D64-4C9B-AD8E-6B0B0437C41C}.Debug|Any CPU.ActiveCfg = Debug|Any CPU
		{8AC22EE6-7D64-4C9B-AD8E-6B0B0437C41C}.Debug|Any CPU.Build.0 = Debug|Any CPU
		{8AC22EE6-7D64-4C9B-AD8E-6B0B0437C41C}.Deploy|Any CPU.ActiveCfg = Debug|Any CPU
		{8AC22EE6-7D64-4C9B-AD8E-6B0B0437C41C}.Deploy|Any CPU.Build.0 = Debug|Any CPU
		{8AC22EE6-7D64-4C9B-AD8E-6B0B0437C41C}.Release|Any CPU.ActiveCfg = Release|Any CPU
		{8AC22EE6-7D64-4C9B-AD8E-6B0B0437C41C}.Release|Any CPU.Build.0 = Release|Any CPU
		{4239FE33-388D-4549-AD67-F54C04EEF0A1}.Debug|Any CPU.ActiveCfg = Debug|Any CPU
		{4239FE33-388D-4549-AD67-F54C04EEF0A1}.Debug|Any CPU.Build.0 = Debug|Any CPU
		{4239FE33-388D-4549-AD67-F54C04EEF0A1}.Deploy|Any CPU.ActiveCfg = Debug|Any CPU
		{4239FE33-388D-4549-AD67-F54C04EEF0A1}.Deploy|Any CPU.Build.0 = Debug|Any CPU
		{4239FE33-388D-4549-AD67-F54C04EEF0A1}.Release|Any CPU.ActiveCfg = Release|Any CPU
		{4239FE33-388D-4549-AD67-F54C04EEF0A1}.Release|Any CPU.Build.0 = Release|Any CPU
		{AAE7DE3D-B89D-444E-A098-B29550A83988}.Debug|Any CPU.ActiveCfg = Debug|Any CPU
		{AAE7DE3D-B89D-444E-A098-B29550A83988}.Deploy|Any CPU.ActiveCfg = Debug|Any CPU
		{AAE7DE3D-B89D-444E-A098-B29550A83988}.Deploy|Any CPU.Build.0 = Debug|Any CPU
		{AAE7DE3D-B89D-444E-A098-B29550A83988}.Release|Any CPU.ActiveCfg = Release|Any CPU
		{F06D5F2B-9172-4DD2-9CA4-859CF059362B}.Debug|Any CPU.ActiveCfg = Debug|Any CPU
		{F06D5F2B-9172-4DD2-9CA4-859CF059362B}.Deploy|Any CPU.ActiveCfg = Debug|Any CPU
		{F06D5F2B-9172-4DD2-9CA4-859CF059362B}.Deploy|Any CPU.Build.0 = Debug|Any CPU
		{F06D5F2B-9172-4DD2-9CA4-859CF059362B}.Release|Any CPU.ActiveCfg = Release|Any CPU
		{82A6A197-27C2-4BCF-8E8E-42682025F750}.Debug|Any CPU.ActiveCfg = Debug|Any CPU
		{82A6A197-27C2-4BCF-8E8E-42682025F750}.Debug|Any CPU.Build.0 = Debug|Any CPU
		{82A6A197-27C2-4BCF-8E8E-42682025F750}.Deploy|Any CPU.ActiveCfg = Debug|Any CPU
		{82A6A197-27C2-4BCF-8E8E-42682025F750}.Deploy|Any CPU.Build.0 = Debug|Any CPU
		{82A6A197-27C2-4BCF-8E8E-42682025F750}.Release|Any CPU.ActiveCfg = Release|Any CPU
		{82A6A197-27C2-4BCF-8E8E-42682025F750}.Release|Any CPU.Build.0 = Release|Any CPU
		{71DF1892-536C-4B53-9225-F2CCE30BA68E}.Debug|Any CPU.ActiveCfg = Debug|Any CPU
		{71DF1892-536C-4B53-9225-F2CCE30BA68E}.Debug|Any CPU.Build.0 = Debug|Any CPU
		{71DF1892-536C-4B53-9225-F2CCE30BA68E}.Deploy|Any CPU.ActiveCfg = Debug|Any CPU
		{71DF1892-536C-4B53-9225-F2CCE30BA68E}.Deploy|Any CPU.Build.0 = Debug|Any CPU
		{71DF1892-536C-4B53-9225-F2CCE30BA68E}.Release|Any CPU.ActiveCfg = Release|Any CPU
		{71DF1892-536C-4B53-9225-F2CCE30BA68E}.Release|Any CPU.Build.0 = Release|Any CPU
		{87DACFA7-B617-456E-9093-C6E853935E60}.Debug|Any CPU.ActiveCfg = Debug|Any CPU
		{87DACFA7-B617-456E-9093-C6E853935E60}.Debug|Any CPU.Build.0 = Debug|Any CPU
		{87DACFA7-B617-456E-9093-C6E853935E60}.Deploy|Any CPU.ActiveCfg = Debug|Any CPU
		{87DACFA7-B617-456E-9093-C6E853935E60}.Deploy|Any CPU.Build.0 = Debug|Any CPU
		{87DACFA7-B617-456E-9093-C6E853935E60}.Release|Any CPU.ActiveCfg = Release|Any CPU
		{87DACFA7-B617-456E-9093-C6E853935E60}.Release|Any CPU.Build.0 = Release|Any CPU
		{FA9E9BEC-3856-4FD0-9BB6-612A985F7CAE}.Debug|Any CPU.ActiveCfg = Debug|Any CPU
		{FA9E9BEC-3856-4FD0-9BB6-612A985F7CAE}.Debug|Any CPU.Build.0 = Debug|Any CPU
		{FA9E9BEC-3856-4FD0-9BB6-612A985F7CAE}.Deploy|Any CPU.ActiveCfg = Debug|Any CPU
		{FA9E9BEC-3856-4FD0-9BB6-612A985F7CAE}.Deploy|Any CPU.Build.0 = Debug|Any CPU
		{FA9E9BEC-3856-4FD0-9BB6-612A985F7CAE}.Release|Any CPU.ActiveCfg = Release|Any CPU
		{FA9E9BEC-3856-4FD0-9BB6-612A985F7CAE}.Release|Any CPU.Build.0 = Release|Any CPU
		{C5960C45-EBD5-4978-9BC3-FB685929B352}.Debug|Any CPU.ActiveCfg = Debug|Any CPU
		{C5960C45-EBD5-4978-9BC3-FB685929B352}.Debug|Any CPU.Build.0 = Debug|Any CPU
		{C5960C45-EBD5-4978-9BC3-FB685929B352}.Deploy|Any CPU.ActiveCfg = Debug|Any CPU
		{C5960C45-EBD5-4978-9BC3-FB685929B352}.Deploy|Any CPU.Build.0 = Debug|Any CPU
		{C5960C45-EBD5-4978-9BC3-FB685929B352}.Release|Any CPU.ActiveCfg = Release|Any CPU
		{C5960C45-EBD5-4978-9BC3-FB685929B352}.Release|Any CPU.Build.0 = Release|Any CPU
		{EE113CCB-079E-45A5-B9A8-9934D3CBF3F1}.Debug|Any CPU.ActiveCfg = Debug|Any CPU
		{EE113CCB-079E-45A5-B9A8-9934D3CBF3F1}.Debug|Any CPU.Build.0 = Debug|Any CPU
		{EE113CCB-079E-45A5-B9A8-9934D3CBF3F1}.Deploy|Any CPU.ActiveCfg = Debug|Any CPU
		{EE113CCB-079E-45A5-B9A8-9934D3CBF3F1}.Deploy|Any CPU.Build.0 = Debug|Any CPU
		{EE113CCB-079E-45A5-B9A8-9934D3CBF3F1}.Release|Any CPU.ActiveCfg = Release|Any CPU
		{EE113CCB-079E-45A5-B9A8-9934D3CBF3F1}.Release|Any CPU.Build.0 = Release|Any CPU
		{F48F5A93-F86B-4E1B-9CCD-D4BA85C2C7D5}.Debug|Any CPU.ActiveCfg = Debug|Any CPU
		{F48F5A93-F86B-4E1B-9CCD-D4BA85C2C7D5}.Debug|Any CPU.Build.0 = Debug|Any CPU
		{F48F5A93-F86B-4E1B-9CCD-D4BA85C2C7D5}.Deploy|Any CPU.ActiveCfg = Debug|Any CPU
		{F48F5A93-F86B-4E1B-9CCD-D4BA85C2C7D5}.Deploy|Any CPU.Build.0 = Debug|Any CPU
		{F48F5A93-F86B-4E1B-9CCD-D4BA85C2C7D5}.Release|Any CPU.ActiveCfg = Release|Any CPU
		{F48F5A93-F86B-4E1B-9CCD-D4BA85C2C7D5}.Release|Any CPU.Build.0 = Release|Any CPU
		{63E35A41-8E83-41B0-9047-186C65D708F8}.Debug|Any CPU.ActiveCfg = Debug|Any CPU
		{63E35A41-8E83-41B0-9047-186C65D708F8}.Debug|Any CPU.Build.0 = Debug|Any CPU
		{63E35A41-8E83-41B0-9047-186C65D708F8}.Deploy|Any CPU.ActiveCfg = Debug|Any CPU
		{63E35A41-8E83-41B0-9047-186C65D708F8}.Deploy|Any CPU.Build.0 = Debug|Any CPU
		{63E35A41-8E83-41B0-9047-186C65D708F8}.Release|Any CPU.ActiveCfg = Release|Any CPU
		{63E35A41-8E83-41B0-9047-186C65D708F8}.Release|Any CPU.Build.0 = Release|Any CPU
		{4C1E4548-E874-4A20-8F97-D464227CF499}.Debug|Any CPU.ActiveCfg = Debug|Any CPU
		{4C1E4548-E874-4A20-8F97-D464227CF499}.Debug|Any CPU.Build.0 = Debug|Any CPU
		{4C1E4548-E874-4A20-8F97-D464227CF499}.Deploy|Any CPU.ActiveCfg = Debug|Any CPU
		{4C1E4548-E874-4A20-8F97-D464227CF499}.Deploy|Any CPU.Build.0 = Debug|Any CPU
		{4C1E4548-E874-4A20-8F97-D464227CF499}.Release|Any CPU.ActiveCfg = Release|Any CPU
		{4C1E4548-E874-4A20-8F97-D464227CF499}.Release|Any CPU.Build.0 = Release|Any CPU
		{5949A3D2-84AC-4DE8-A9C0-DDEE620EDF73}.Debug|Any CPU.ActiveCfg = Debug|Any CPU
		{5949A3D2-84AC-4DE8-A9C0-DDEE620EDF73}.Debug|Any CPU.Build.0 = Debug|Any CPU
		{5949A3D2-84AC-4DE8-A9C0-DDEE620EDF73}.Deploy|Any CPU.ActiveCfg = Debug|Any CPU
		{5949A3D2-84AC-4DE8-A9C0-DDEE620EDF73}.Deploy|Any CPU.Build.0 = Debug|Any CPU
		{5949A3D2-84AC-4DE8-A9C0-DDEE620EDF73}.Release|Any CPU.ActiveCfg = Release|Any CPU
		{5949A3D2-84AC-4DE8-A9C0-DDEE620EDF73}.Release|Any CPU.Build.0 = Release|Any CPU
		{3A21B3D5-0542-4B36-99CD-EDC1D9778A4A}.Debug|Any CPU.ActiveCfg = Debug|Any CPU
		{3A21B3D5-0542-4B36-99CD-EDC1D9778A4A}.Debug|Any CPU.Build.0 = Debug|Any CPU
		{3A21B3D5-0542-4B36-99CD-EDC1D9778A4A}.Deploy|Any CPU.ActiveCfg = Debug|Any CPU
		{3A21B3D5-0542-4B36-99CD-EDC1D9778A4A}.Deploy|Any CPU.Build.0 = Debug|Any CPU
		{3A21B3D5-0542-4B36-99CD-EDC1D9778A4A}.Release|Any CPU.ActiveCfg = Release|Any CPU
		{3A21B3D5-0542-4B36-99CD-EDC1D9778A4A}.Release|Any CPU.Build.0 = Release|Any CPU
		{CC9149E0-426F-4D0A-889F-C01860C27EA8}.Debug|Any CPU.ActiveCfg = Debug|Any CPU
		{CC9149E0-426F-4D0A-889F-C01860C27EA8}.Debug|Any CPU.Build.0 = Debug|Any CPU
		{CC9149E0-426F-4D0A-889F-C01860C27EA8}.Deploy|Any CPU.ActiveCfg = Debug|Any CPU
		{CC9149E0-426F-4D0A-889F-C01860C27EA8}.Deploy|Any CPU.Build.0 = Debug|Any CPU
		{CC9149E0-426F-4D0A-889F-C01860C27EA8}.Release|Any CPU.ActiveCfg = Release|Any CPU
		{CC9149E0-426F-4D0A-889F-C01860C27EA8}.Release|Any CPU.Build.0 = Release|Any CPU
		{AE57FEFF-5551-46F7-AAB9-561CFBFF2D7A}.Debug|Any CPU.ActiveCfg = Debug|Any CPU
		{AE57FEFF-5551-46F7-AAB9-561CFBFF2D7A}.Debug|Any CPU.Build.0 = Debug|Any CPU
		{AE57FEFF-5551-46F7-AAB9-561CFBFF2D7A}.Deploy|Any CPU.ActiveCfg = Debug|Any CPU
		{AE57FEFF-5551-46F7-AAB9-561CFBFF2D7A}.Deploy|Any CPU.Build.0 = Debug|Any CPU
		{AE57FEFF-5551-46F7-AAB9-561CFBFF2D7A}.Release|Any CPU.ActiveCfg = Release|Any CPU
		{AE57FEFF-5551-46F7-AAB9-561CFBFF2D7A}.Release|Any CPU.Build.0 = Release|Any CPU
		{DB79614B-D73D-4F8D-B0BC-3E78B971A611}.Debug|Any CPU.ActiveCfg = Debug|Any CPU
		{DB79614B-D73D-4F8D-B0BC-3E78B971A611}.Debug|Any CPU.Build.0 = Debug|Any CPU
		{DB79614B-D73D-4F8D-B0BC-3E78B971A611}.Deploy|Any CPU.ActiveCfg = Debug|Any CPU
		{DB79614B-D73D-4F8D-B0BC-3E78B971A611}.Deploy|Any CPU.Build.0 = Debug|Any CPU
		{DB79614B-D73D-4F8D-B0BC-3E78B971A611}.Release|Any CPU.ActiveCfg = Release|Any CPU
		{DB79614B-D73D-4F8D-B0BC-3E78B971A611}.Release|Any CPU.Build.0 = Release|Any CPU
		{AF5D8ED8-0F6D-4C84-92FC-6A0A2F5DA8A3}.Debug|Any CPU.ActiveCfg = Debug|Any CPU
		{AF5D8ED8-0F6D-4C84-92FC-6A0A2F5DA8A3}.Debug|Any CPU.Build.0 = Debug|Any CPU
		{AF5D8ED8-0F6D-4C84-92FC-6A0A2F5DA8A3}.Deploy|Any CPU.ActiveCfg = Debug|Any CPU
		{AF5D8ED8-0F6D-4C84-92FC-6A0A2F5DA8A3}.Deploy|Any CPU.Build.0 = Debug|Any CPU
		{AF5D8ED8-0F6D-4C84-92FC-6A0A2F5DA8A3}.Release|Any CPU.ActiveCfg = Release|Any CPU
		{AF5D8ED8-0F6D-4C84-92FC-6A0A2F5DA8A3}.Release|Any CPU.Build.0 = Release|Any CPU
		{A183A0BD-6170-4D27-966B-3EBE357AA136}.Debug|Any CPU.ActiveCfg = Debug|Any CPU
		{A183A0BD-6170-4D27-966B-3EBE357AA136}.Debug|Any CPU.Build.0 = Debug|Any CPU
		{A183A0BD-6170-4D27-966B-3EBE357AA136}.Deploy|Any CPU.ActiveCfg = Debug|Any CPU
		{A183A0BD-6170-4D27-966B-3EBE357AA136}.Deploy|Any CPU.Build.0 = Debug|Any CPU
		{A183A0BD-6170-4D27-966B-3EBE357AA136}.Release|Any CPU.ActiveCfg = Release|Any CPU
		{A183A0BD-6170-4D27-966B-3EBE357AA136}.Release|Any CPU.Build.0 = Release|Any CPU
		{28D42ABA-840D-415F-B592-3BCEC8B09C36}.Debug|Any CPU.ActiveCfg = Debug|Any CPU
		{28D42ABA-840D-415F-B592-3BCEC8B09C36}.Debug|Any CPU.Build.0 = Debug|Any CPU
		{28D42ABA-840D-415F-B592-3BCEC8B09C36}.Deploy|Any CPU.ActiveCfg = Debug|Any CPU
		{28D42ABA-840D-415F-B592-3BCEC8B09C36}.Deploy|Any CPU.Build.0 = Debug|Any CPU
		{28D42ABA-840D-415F-B592-3BCEC8B09C36}.Release|Any CPU.ActiveCfg = Release|Any CPU
		{28D42ABA-840D-415F-B592-3BCEC8B09C36}.Release|Any CPU.Build.0 = Release|Any CPU
		{A83A245E-A86E-4479-B4D2-DD86407EF28D}.Debug|Any CPU.ActiveCfg = Debug|Any CPU
		{A83A245E-A86E-4479-B4D2-DD86407EF28D}.Debug|Any CPU.Build.0 = Debug|Any CPU
		{A83A245E-A86E-4479-B4D2-DD86407EF28D}.Deploy|Any CPU.ActiveCfg = Debug|Any CPU
		{A83A245E-A86E-4479-B4D2-DD86407EF28D}.Deploy|Any CPU.Build.0 = Debug|Any CPU
		{A83A245E-A86E-4479-B4D2-DD86407EF28D}.Release|Any CPU.ActiveCfg = Release|Any CPU
		{A83A245E-A86E-4479-B4D2-DD86407EF28D}.Release|Any CPU.Build.0 = Release|Any CPU
		{D36E921E-26E8-4C77-81DD-63EF2FAFB2D4}.Debug|Any CPU.ActiveCfg = Debug|Any CPU
		{D36E921E-26E8-4C77-81DD-63EF2FAFB2D4}.Debug|Any CPU.Build.0 = Debug|Any CPU
		{D36E921E-26E8-4C77-81DD-63EF2FAFB2D4}.Deploy|Any CPU.ActiveCfg = Debug|Any CPU
		{D36E921E-26E8-4C77-81DD-63EF2FAFB2D4}.Deploy|Any CPU.Build.0 = Debug|Any CPU
		{D36E921E-26E8-4C77-81DD-63EF2FAFB2D4}.Release|Any CPU.ActiveCfg = Release|Any CPU
		{D36E921E-26E8-4C77-81DD-63EF2FAFB2D4}.Release|Any CPU.Build.0 = Release|Any CPU
		{ECBF03BC-6AF1-4B9C-B246-4D6024D32169}.Debug|Any CPU.ActiveCfg = Debug|Any CPU
		{ECBF03BC-6AF1-4B9C-B246-4D6024D32169}.Debug|Any CPU.Build.0 = Debug|Any CPU
		{ECBF03BC-6AF1-4B9C-B246-4D6024D32169}.Deploy|Any CPU.ActiveCfg = Debug|Any CPU
		{ECBF03BC-6AF1-4B9C-B246-4D6024D32169}.Deploy|Any CPU.Build.0 = Debug|Any CPU
		{ECBF03BC-6AF1-4B9C-B246-4D6024D32169}.Release|Any CPU.ActiveCfg = Release|Any CPU
		{ECBF03BC-6AF1-4B9C-B246-4D6024D32169}.Release|Any CPU.Build.0 = Release|Any CPU
		{D867A3CA-B6B0-48F0-9C53-FE0AA4D1A65E}.Debug|Any CPU.ActiveCfg = Debug|Any CPU
		{D867A3CA-B6B0-48F0-9C53-FE0AA4D1A65E}.Debug|Any CPU.Build.0 = Debug|Any CPU
		{D867A3CA-B6B0-48F0-9C53-FE0AA4D1A65E}.Deploy|Any CPU.ActiveCfg = Debug|Any CPU
		{D867A3CA-B6B0-48F0-9C53-FE0AA4D1A65E}.Deploy|Any CPU.Build.0 = Debug|Any CPU
		{D867A3CA-B6B0-48F0-9C53-FE0AA4D1A65E}.Release|Any CPU.ActiveCfg = Release|Any CPU
		{D867A3CA-B6B0-48F0-9C53-FE0AA4D1A65E}.Release|Any CPU.Build.0 = Release|Any CPU
		{A4AAEFDA-205E-4B3C-8F0E-2B36806DBAF6}.Debug|Any CPU.ActiveCfg = Debug|Any CPU
		{A4AAEFDA-205E-4B3C-8F0E-2B36806DBAF6}.Debug|Any CPU.Build.0 = Debug|Any CPU
		{A4AAEFDA-205E-4B3C-8F0E-2B36806DBAF6}.Deploy|Any CPU.ActiveCfg = Debug|Any CPU
		{A4AAEFDA-205E-4B3C-8F0E-2B36806DBAF6}.Deploy|Any CPU.Build.0 = Debug|Any CPU
		{A4AAEFDA-205E-4B3C-8F0E-2B36806DBAF6}.Release|Any CPU.ActiveCfg = Release|Any CPU
		{A4AAEFDA-205E-4B3C-8F0E-2B36806DBAF6}.Release|Any CPU.Build.0 = Release|Any CPU
		{02613A49-03E2-42CD-AFBB-A18AB9D1C8F7}.Debug|Any CPU.ActiveCfg = Debug|Any CPU
		{02613A49-03E2-42CD-AFBB-A18AB9D1C8F7}.Debug|Any CPU.Build.0 = Debug|Any CPU
		{02613A49-03E2-42CD-AFBB-A18AB9D1C8F7}.Deploy|Any CPU.ActiveCfg = Debug|Any CPU
		{02613A49-03E2-42CD-AFBB-A18AB9D1C8F7}.Deploy|Any CPU.Build.0 = Debug|Any CPU
		{02613A49-03E2-42CD-AFBB-A18AB9D1C8F7}.Release|Any CPU.ActiveCfg = Release|Any CPU
		{FDDD8010-8183-4B33-ADAD-21148FF73FB4}.Debug|Any CPU.ActiveCfg = Debug|Any CPU
		{FDDD8010-8183-4B33-ADAD-21148FF73FB4}.Debug|Any CPU.Build.0 = Debug|Any CPU
		{FDDD8010-8183-4B33-ADAD-21148FF73FB4}.Deploy|Any CPU.ActiveCfg = Debug|Any CPU
		{FDDD8010-8183-4B33-ADAD-21148FF73FB4}.Deploy|Any CPU.Build.0 = Debug|Any CPU
		{FDDD8010-8183-4B33-ADAD-21148FF73FB4}.Release|Any CPU.ActiveCfg = Release|Any CPU
		{FDDD8010-8183-4B33-ADAD-21148FF73FB4}.Release|Any CPU.Build.0 = Release|Any CPU
		{CD2D957D-08EE-44A6-9E97-7D9C752F1095}.Debug|Any CPU.ActiveCfg = Debug|Any CPU
		{CD2D957D-08EE-44A6-9E97-7D9C752F1095}.Debug|Any CPU.Build.0 = Debug|Any CPU
		{CD2D957D-08EE-44A6-9E97-7D9C752F1095}.Deploy|Any CPU.ActiveCfg = Debug|Any CPU
		{CD2D957D-08EE-44A6-9E97-7D9C752F1095}.Deploy|Any CPU.Build.0 = Debug|Any CPU
		{CD2D957D-08EE-44A6-9E97-7D9C752F1095}.Release|Any CPU.ActiveCfg = Release|Any CPU
		{CD2D957D-08EE-44A6-9E97-7D9C752F1095}.Release|Any CPU.Build.0 = Release|Any CPU
		{FD9AE8CC-7C24-42DD-9EDD-84F62BB3A72A}.Debug|Any CPU.ActiveCfg = Debug|Any CPU
		{FD9AE8CC-7C24-42DD-9EDD-84F62BB3A72A}.Debug|Any CPU.Build.0 = Debug|Any CPU
		{FD9AE8CC-7C24-42DD-9EDD-84F62BB3A72A}.Deploy|Any CPU.ActiveCfg = Debug|Any CPU
		{FD9AE8CC-7C24-42DD-9EDD-84F62BB3A72A}.Deploy|Any CPU.Build.0 = Debug|Any CPU
		{FD9AE8CC-7C24-42DD-9EDD-84F62BB3A72A}.Release|Any CPU.ActiveCfg = Release|Any CPU
		{FD9AE8CC-7C24-42DD-9EDD-84F62BB3A72A}.Release|Any CPU.Build.0 = Release|Any CPU
		{6D243C33-6481-4E9D-B639-DEDAFCBA6E60}.Debug|Any CPU.ActiveCfg = Debug|Any CPU
		{6D243C33-6481-4E9D-B639-DEDAFCBA6E60}.Debug|Any CPU.Build.0 = Debug|Any CPU
		{6D243C33-6481-4E9D-B639-DEDAFCBA6E60}.Deploy|Any CPU.ActiveCfg = Debug|Any CPU
		{6D243C33-6481-4E9D-B639-DEDAFCBA6E60}.Deploy|Any CPU.Build.0 = Debug|Any CPU
		{6D243C33-6481-4E9D-B639-DEDAFCBA6E60}.Release|Any CPU.ActiveCfg = Release|Any CPU
		{6D243C33-6481-4E9D-B639-DEDAFCBA6E60}.Release|Any CPU.Build.0 = Release|Any CPU
		{2ADB4463-3E4D-4F5B-AF5D-E84138419047}.Debug|Any CPU.ActiveCfg = Debug|Any CPU
		{2ADB4463-3E4D-4F5B-AF5D-E84138419047}.Debug|Any CPU.Build.0 = Debug|Any CPU
		{2ADB4463-3E4D-4F5B-AF5D-E84138419047}.Deploy|Any CPU.ActiveCfg = Debug|Any CPU
		{2ADB4463-3E4D-4F5B-AF5D-E84138419047}.Deploy|Any CPU.Build.0 = Debug|Any CPU
		{2ADB4463-3E4D-4F5B-AF5D-E84138419047}.Release|Any CPU.ActiveCfg = Release|Any CPU
		{2ADB4463-3E4D-4F5B-AF5D-E84138419047}.Release|Any CPU.Build.0 = Release|Any CPU
		{6B4E0DAE-4301-4378-88CB-BBC8A1F6903F}.Debug|Any CPU.ActiveCfg = Debug|Any CPU
		{6B4E0DAE-4301-4378-88CB-BBC8A1F6903F}.Debug|Any CPU.Build.0 = Debug|Any CPU
		{6B4E0DAE-4301-4378-88CB-BBC8A1F6903F}.Deploy|Any CPU.ActiveCfg = Debug|Any CPU
		{6B4E0DAE-4301-4378-88CB-BBC8A1F6903F}.Deploy|Any CPU.Build.0 = Debug|Any CPU
		{6B4E0DAE-4301-4378-88CB-BBC8A1F6903F}.Release|Any CPU.ActiveCfg = Release|Any CPU
		{6B4E0DAE-4301-4378-88CB-BBC8A1F6903F}.Release|Any CPU.Build.0 = Release|Any CPU
		{B8D65F94-7E5C-4CC7-805F-84A03F9BE708}.Debug|Any CPU.ActiveCfg = Debug|Any CPU
		{B8D65F94-7E5C-4CC7-805F-84A03F9BE708}.Debug|Any CPU.Build.0 = Debug|Any CPU
		{B8D65F94-7E5C-4CC7-805F-84A03F9BE708}.Deploy|Any CPU.ActiveCfg = Debug|Any CPU
		{B8D65F94-7E5C-4CC7-805F-84A03F9BE708}.Deploy|Any CPU.Build.0 = Debug|Any CPU
		{B8D65F94-7E5C-4CC7-805F-84A03F9BE708}.Release|Any CPU.ActiveCfg = Release|Any CPU
		{B8D65F94-7E5C-4CC7-805F-84A03F9BE708}.Release|Any CPU.Build.0 = Release|Any CPU
		{D4473057-F06F-4959-ABEA-34894A6371B6}.Debug|Any CPU.ActiveCfg = Debug|Any CPU
		{D4473057-F06F-4959-ABEA-34894A6371B6}.Debug|Any CPU.Build.0 = Debug|Any CPU
		{D4473057-F06F-4959-ABEA-34894A6371B6}.Deploy|Any CPU.ActiveCfg = Debug|Any CPU
		{D4473057-F06F-4959-ABEA-34894A6371B6}.Deploy|Any CPU.Build.0 = Debug|Any CPU
		{D4473057-F06F-4959-ABEA-34894A6371B6}.Release|Any CPU.ActiveCfg = Release|Any CPU
		{3A91C8BC-3E6E-415C-8461-A602A7AA00FD}.Debug|Any CPU.ActiveCfg = Debug|Any CPU
		{3A91C8BC-3E6E-415C-8461-A602A7AA00FD}.Deploy|Any CPU.ActiveCfg = Debug|Any CPU
		{3A91C8BC-3E6E-415C-8461-A602A7AA00FD}.Deploy|Any CPU.Build.0 = Debug|Any CPU
		{3A91C8BC-3E6E-415C-8461-A602A7AA00FD}.Release|Any CPU.ActiveCfg = Release|Any CPU
		{4E8B421E-1EB7-4343-A5B8-1BC09D77978C}.Debug|Any CPU.ActiveCfg = Debug|Any CPU
		{4E8B421E-1EB7-4343-A5B8-1BC09D77978C}.Debug|Any CPU.Build.0 = Debug|Any CPU
		{4E8B421E-1EB7-4343-A5B8-1BC09D77978C}.Deploy|Any CPU.ActiveCfg = Debug|Any CPU
		{4E8B421E-1EB7-4343-A5B8-1BC09D77978C}.Deploy|Any CPU.Build.0 = Debug|Any CPU
		{4E8B421E-1EB7-4343-A5B8-1BC09D77978C}.Release|Any CPU.ActiveCfg = Release|Any CPU
		{4E8B421E-1EB7-4343-A5B8-1BC09D77978C}.Release|Any CPU.Build.0 = Release|Any CPU
		{48713B9A-3CFC-4150-B404-26D01FC01946}.Debug|Any CPU.ActiveCfg = Debug|Any CPU
		{48713B9A-3CFC-4150-B404-26D01FC01946}.Debug|Any CPU.Build.0 = Debug|Any CPU
		{48713B9A-3CFC-4150-B404-26D01FC01946}.Deploy|Any CPU.ActiveCfg = Debug|Any CPU
		{48713B9A-3CFC-4150-B404-26D01FC01946}.Deploy|Any CPU.Build.0 = Debug|Any CPU
		{48713B9A-3CFC-4150-B404-26D01FC01946}.Release|Any CPU.ActiveCfg = Release|Any CPU
		{48713B9A-3CFC-4150-B404-26D01FC01946}.Release|Any CPU.Build.0 = Release|Any CPU
		{3A1997CB-9CE9-4F4C-8060-AA131CE7EC15}.Debug|Any CPU.ActiveCfg = Debug|Any CPU
		{3A1997CB-9CE9-4F4C-8060-AA131CE7EC15}.Debug|Any CPU.Build.0 = Debug|Any CPU
		{3A1997CB-9CE9-4F4C-8060-AA131CE7EC15}.Deploy|Any CPU.ActiveCfg = Debug|Any CPU
		{3A1997CB-9CE9-4F4C-8060-AA131CE7EC15}.Deploy|Any CPU.Build.0 = Debug|Any CPU
		{3A1997CB-9CE9-4F4C-8060-AA131CE7EC15}.Release|Any CPU.ActiveCfg = Release|Any CPU
		{3A1997CB-9CE9-4F4C-8060-AA131CE7EC15}.Release|Any CPU.Build.0 = Release|Any CPU
		{E6C2118C-44F1-42EF-AEDF-6E655835A161}.Debug|Any CPU.ActiveCfg = Debug|Any CPU
		{E6C2118C-44F1-42EF-AEDF-6E655835A161}.Debug|Any CPU.Build.0 = Debug|Any CPU
		{E6C2118C-44F1-42EF-AEDF-6E655835A161}.Deploy|Any CPU.ActiveCfg = Debug|Any CPU
		{E6C2118C-44F1-42EF-AEDF-6E655835A161}.Deploy|Any CPU.Build.0 = Debug|Any CPU
		{E6C2118C-44F1-42EF-AEDF-6E655835A161}.Release|Any CPU.ActiveCfg = Release|Any CPU
		{E6C2118C-44F1-42EF-AEDF-6E655835A161}.Release|Any CPU.Build.0 = Release|Any CPU
		{66FC9BAC-844B-4FD7-89E5-42AF71DA1808}.Debug|Any CPU.ActiveCfg = Debug|Any CPU
		{66FC9BAC-844B-4FD7-89E5-42AF71DA1808}.Debug|Any CPU.Build.0 = Debug|Any CPU
		{66FC9BAC-844B-4FD7-89E5-42AF71DA1808}.Deploy|Any CPU.ActiveCfg = Debug|Any CPU
		{66FC9BAC-844B-4FD7-89E5-42AF71DA1808}.Deploy|Any CPU.Build.0 = Debug|Any CPU
		{66FC9BAC-844B-4FD7-89E5-42AF71DA1808}.Release|Any CPU.ActiveCfg = Release|Any CPU
		{66FC9BAC-844B-4FD7-89E5-42AF71DA1808}.Release|Any CPU.Build.0 = Release|Any CPU
		{0FB869F8-948C-4764-B1D8-E02118A7C92E}.Debug|Any CPU.ActiveCfg = Debug|Any CPU
		{0FB869F8-948C-4764-B1D8-E02118A7C92E}.Debug|Any CPU.Build.0 = Debug|Any CPU
		{0FB869F8-948C-4764-B1D8-E02118A7C92E}.Deploy|Any CPU.ActiveCfg = Debug|Any CPU
		{0FB869F8-948C-4764-B1D8-E02118A7C92E}.Deploy|Any CPU.Build.0 = Debug|Any CPU
		{0FB869F8-948C-4764-B1D8-E02118A7C92E}.Release|Any CPU.ActiveCfg = Release|Any CPU
		{0FB869F8-948C-4764-B1D8-E02118A7C92E}.Release|Any CPU.Build.0 = Release|Any CPU
		{B90CF1A9-7633-41B0-8103-693D6276A581}.Debug|Any CPU.ActiveCfg = Debug|Any CPU
		{B90CF1A9-7633-41B0-8103-693D6276A581}.Debug|Any CPU.Build.0 = Debug|Any CPU
		{B90CF1A9-7633-41B0-8103-693D6276A581}.Deploy|Any CPU.ActiveCfg = Debug|Any CPU
		{B90CF1A9-7633-41B0-8103-693D6276A581}.Deploy|Any CPU.Build.0 = Debug|Any CPU
		{B90CF1A9-7633-41B0-8103-693D6276A581}.Release|Any CPU.ActiveCfg = Release|Any CPU
		{B90CF1A9-7633-41B0-8103-693D6276A581}.Release|Any CPU.Build.0 = Release|Any CPU
		{1F356A04-CE61-4B0C-BECE-3B94D58C070E}.Debug|Any CPU.ActiveCfg = Debug|Any CPU
		{1F356A04-CE61-4B0C-BECE-3B94D58C070E}.Debug|Any CPU.Build.0 = Debug|Any CPU
		{1F356A04-CE61-4B0C-BECE-3B94D58C070E}.Deploy|Any CPU.ActiveCfg = Debug|Any CPU
		{1F356A04-CE61-4B0C-BECE-3B94D58C070E}.Deploy|Any CPU.Build.0 = Debug|Any CPU
		{1F356A04-CE61-4B0C-BECE-3B94D58C070E}.Release|Any CPU.ActiveCfg = Release|Any CPU
		{1F356A04-CE61-4B0C-BECE-3B94D58C070E}.Release|Any CPU.Build.0 = Release|Any CPU
	EndGlobalSection
	GlobalSection(SolutionProperties) = preSolution
		HideSolutionNode = FALSE
	EndGlobalSection
	GlobalSection(NestedProjects) = preSolution
		{DDB2DE48-AB21-441B-85A3-D1D7941F107E} = {7F2A5206-0908-44C6-B4D2-2AEE366A63EB}
		{71DF1892-536C-4B53-9225-F2CCE30BA68E} = {7F2A5206-0908-44C6-B4D2-2AEE366A63EB}
		{87DACFA7-B617-456E-9093-C6E853935E60} = {7F2A5206-0908-44C6-B4D2-2AEE366A63EB}
		{FA9E9BEC-3856-4FD0-9BB6-612A985F7CAE} = {7F2A5206-0908-44C6-B4D2-2AEE366A63EB}
		{4C1E4548-E874-4A20-8F97-D464227CF499} = {7F2A5206-0908-44C6-B4D2-2AEE366A63EB}
		{3A21B3D5-0542-4B36-99CD-EDC1D9778A4A} = {7F2A5206-0908-44C6-B4D2-2AEE366A63EB}
		{AF5D8ED8-0F6D-4C84-92FC-6A0A2F5DA8A3} = {7F2A5206-0908-44C6-B4D2-2AEE366A63EB}
		{A183A0BD-6170-4D27-966B-3EBE357AA136} = {7F2A5206-0908-44C6-B4D2-2AEE366A63EB}
		{28D42ABA-840D-415F-B592-3BCEC8B09C36} = {7F2A5206-0908-44C6-B4D2-2AEE366A63EB}
		{D36E921E-26E8-4C77-81DD-63EF2FAFB2D4} = {7F2A5206-0908-44C6-B4D2-2AEE366A63EB}
		{ECBF03BC-6AF1-4B9C-B246-4D6024D32169} = {7F2A5206-0908-44C6-B4D2-2AEE366A63EB}
		{D867A3CA-B6B0-48F0-9C53-FE0AA4D1A65E} = {7F2A5206-0908-44C6-B4D2-2AEE366A63EB}
		{A4AAEFDA-205E-4B3C-8F0E-2B36806DBAF6} = {7F2A5206-0908-44C6-B4D2-2AEE366A63EB}
		{02613A49-03E2-42CD-AFBB-A18AB9D1C8F7} = {7F2A5206-0908-44C6-B4D2-2AEE366A63EB}
		{2ADB4463-3E4D-4F5B-AF5D-E84138419047} = {7F2A5206-0908-44C6-B4D2-2AEE366A63EB}
		{48713B9A-3CFC-4150-B404-26D01FC01946} = {7F2A5206-0908-44C6-B4D2-2AEE366A63EB}
		{3A1997CB-9CE9-4F4C-8060-AA131CE7EC15} = {7F2A5206-0908-44C6-B4D2-2AEE366A63EB}
		{1F356A04-CE61-4B0C-BECE-3B94D58C070E} = {7F2A5206-0908-44C6-B4D2-2AEE366A63EB}
		{EE113CCB-079E-45A5-B9A8-9934D3CBF3F1} = {DDB2DE48-AB21-441B-85A3-D1D7941F107E}
		{F48F5A93-F86B-4E1B-9CCD-D4BA85C2C7D5} = {DDB2DE48-AB21-441B-85A3-D1D7941F107E}
		{A83A245E-A86E-4479-B4D2-DD86407EF28D} = {0D3F964D-A778-4CF6-84F5-0DBBEE970267}
		{FDDD8010-8183-4B33-ADAD-21148FF73FB4} = {0D3F964D-A778-4CF6-84F5-0DBBEE970267}
		{6B4E0DAE-4301-4378-88CB-BBC8A1F6903F} = {0D3F964D-A778-4CF6-84F5-0DBBEE970267}
		{66FC9BAC-844B-4FD7-89E5-42AF71DA1808} = {0D3F964D-A778-4CF6-84F5-0DBBEE970267}
		{B8D65F94-7E5C-4CC7-805F-84A03F9BE708} = {BFF5095A-CB5C-4497-8AA2-70DF9471FB7E}
		{D4473057-F06F-4959-ABEA-34894A6371B6} = {BFF5095A-CB5C-4497-8AA2-70DF9471FB7E}
		{3A91C8BC-3E6E-415C-8461-A602A7AA00FD} = {BFF5095A-CB5C-4497-8AA2-70DF9471FB7E}
	EndGlobalSection
	GlobalSection(TestCaseManagementSettings) = postSolution
		CategoryFile = WWW2.vsmdi
	EndGlobalSection
EndGlobal
