
Microsoft Visual Studio Solution File, Format Version 12.00
# Visual Studio Version 18
VisualStudioVersion = 18.2.11415.280 d18.0
MinimumVisualStudioVersion = 10.0.40219.1
Project("{FAE04EC0-301F-11D3-BF4B-00C04F79EFBC}") = "OoBDev.ImageConverter.Cli", "OoBDev.ImageConverter.Cli.csproj", "{604A0686-2211-FBF5-C114-39297B984E1E}"
EndProject
Global
	GlobalSection(SolutionConfigurationPlatforms) = preSolution
		Debug|Any CPU = Debug|Any CPU
		Release|Any CPU = Release|Any CPU
	EndGlobalSection
	GlobalSection(ProjectConfigurationPlatforms) = postSolution
		{604A0686-2211-FBF5-C114-39297B984E1E}.Debug|Any CPU.ActiveCfg = Debug|Any CPU
		{604A0686-2211-FBF5-C114-39297B984E1E}.Debug|Any CPU.Build.0 = Debug|Any CPU
		{604A0686-2211-FBF5-C114-39297B984E1E}.Release|Any CPU.ActiveCfg = Release|Any CPU
		{604A0686-2211-FBF5-C114-39297B984E1E}.Release|Any CPU.Build.0 = Release|Any CPU
	EndGlobalSection
	GlobalSection(SolutionProperties) = preSolution
		HideSolutionNode = FALSE
	EndGlobalSection
	GlobalSection(ExtensibilityGlobals) = postSolution
		SolutionGuid = {6907C6A8-FDE0-47F9-9727-969BF859BAB7}
	EndGlobalSection
EndGlobal
