
Microsoft Visual Studio Solution File, Format Version 12.00
# Visual Studio Version 16
VisualStudioVersion = 16.0.29709.97
MinimumVisualStudioVersion = 10.0.40219.1
Project("{00D1A9C2-B5F0-4AF3-8072-F6C62B433612}") = "CarMaintenanceLog.Db", "CarMaintenanceLog.Db\CarMaintenanceLog.Db.sqlproj", "{0AAE562C-2FC3-4DF1-9E48-093BE1EDF16B}"
EndProject
Project("{FAE04EC0-301F-11D3-BF4B-00C04F79EFBC}") = "CarMaintenanceLog.Web", "CarMaintenanceLog.Web\CarMaintenanceLog.Web.csproj", "{4BE354DE-9B51-4DA3-890C-C8ACE21946E1}"
EndProject
Project("{FAE04EC0-301F-11D3-BF4B-00C04F79EFBC}") = "CarMaintenanceLog.Data", "CarMaintenanceLog.Data\CarMaintenanceLog.Data.csproj", "{49AA4E43-74AE-4CE7-9D51-DFA8B0D4C504}"
EndProject
Project("{2150E333-8FDC-42A3-9474-1A3956D46DE8}") = "Solution Items", "Solution Items", "{7C0E03FA-5035-4178-A218-5127F2446B6B}"
	ProjectSection(SolutionItems) = preProject
		.tfignore = .tfignore
		Notes.md = Notes.md
		ReadMe.md = ReadMe.md
	EndProjectSection
EndProject
Project("{9A19103F-16F7-4668-BE54-9A1E7A4F7556}") = "CarMaintenanceLog.Data.Core", "CarMaintenanceLog.Data.Core\CarMaintenanceLog.Data.Core.csproj", "{A02710BF-5FD0-4BEB-B97C-C666A5D1E8AC}"
EndProject
Project("{9A19103F-16F7-4668-BE54-9A1E7A4F7556}") = "CarMaintenanceLog.Blazor", "CarMaintenanceLog.Blazor\CarMaintenanceLog.Blazor.csproj", "{EA9534A8-C91A-4A7D-8658-A43BE5FB4292}"
EndProject
Project("{9A19103F-16F7-4668-BE54-9A1E7A4F7556}") = "CarMaintenanceLog.Models", "CarMaintenanceLog.Models\CarMaintenanceLog.Models.csproj", "{195A7171-90F2-4EBF-83CB-10E24CC250B8}"
EndProject
Project("{9A19103F-16F7-4668-BE54-9A1E7A4F7556}") = "CarMaintenanceLog.Azure.Functions", "CarMaintenanceLog.Azure.Functions\CarMaintenanceLog.Azure.Functions.csproj", "{1EA01F15-FF3D-497D-B888-B10E57BBB993}"
EndProject
Project("{9A19103F-16F7-4668-BE54-9A1E7A4F7556}") = "CarMaintenanceLog.Common", "CarMaintenanceLog.Common\CarMaintenanceLog.Common.csproj", "{1B5F7110-2596-4BBC-AB54-F87CBF1F5D9C}"
EndProject
Project("{9A19103F-16F7-4668-BE54-9A1E7A4F7556}") = "CarMaintenanceLog.Messaging", "CarMaintenanceLog.Messaging\CarMaintenanceLog.Messaging.csproj", "{D8FB6880-48D9-4255-9B10-79A49AC8A83B}"
EndProject
Project("{2150E333-8FDC-42A3-9474-1A3956D46DE8}") = "ToDepercate", "ToDepercate", "{609C28DF-E685-4A2D-AAE3-804B85BA9BAB}"
EndProject
Project("{FAE04EC0-301F-11D3-BF4B-00C04F79EFBC}") = "CarMaintenanceLog.Abstractions", "CarMaintenanceLog.Abstractions\CarMaintenanceLog.Abstractions.csproj", "{CB1BDF06-1FD2-417A-81B7-B6D393D0CEBF}"
EndProject
Project("{FAE04EC0-301F-11D3-BF4B-00C04F79EFBC}") = "CarMaintenanceLog.Eventing", "CarMaintenanceLog.Eventing\CarMaintenanceLog.Eventing.csproj", "{12475E9C-F72B-426A-AC70-7C39547EDF49}"
EndProject
Project("{FAE04EC0-301F-11D3-BF4B-00C04F79EFBC}") = "CarMaintenanceLog.Loader", "CarMaintenanceLog.Loader\CarMaintenanceLog.Loader.csproj", "{009306F2-8E68-4353-B766-26586481F020}"
EndProject
Project("{FAE04EC0-301F-11D3-BF4B-00C04F79EFBC}") = "CarMaintenanceLog.SignalRClients", "CarMaintenanceLog.SignalRClients\CarMaintenanceLog.SignalRClients.csproj", "{2A4041DA-7B90-409B-AB55-D3436FF6FE5F}"
EndProject
Global
	GlobalSection(SolutionConfigurationPlatforms) = preSolution
		Ad-Hoc|Any CPU = Ad-Hoc|Any CPU
		Ad-Hoc|ARM = Ad-Hoc|ARM
		Ad-Hoc|iPhone = Ad-Hoc|iPhone
		Ad-Hoc|iPhoneSimulator = Ad-Hoc|iPhoneSimulator
		Ad-Hoc|x64 = Ad-Hoc|x64
		Ad-Hoc|x86 = Ad-Hoc|x86
		AppStore|Any CPU = AppStore|Any CPU
		AppStore|ARM = AppStore|ARM
		AppStore|iPhone = AppStore|iPhone
		AppStore|iPhoneSimulator = AppStore|iPhoneSimulator
		AppStore|x64 = AppStore|x64
		AppStore|x86 = AppStore|x86
		Debug|Any CPU = Debug|Any CPU
		Debug|ARM = Debug|ARM
		Debug|iPhone = Debug|iPhone
		Debug|iPhoneSimulator = Debug|iPhoneSimulator
		Debug|x64 = Debug|x64
		Debug|x86 = Debug|x86
		Release|Any CPU = Release|Any CPU
		Release|ARM = Release|ARM
		Release|iPhone = Release|iPhone
		Release|iPhoneSimulator = Release|iPhoneSimulator
		Release|x64 = Release|x64
		Release|x86 = Release|x86
	EndGlobalSection
	GlobalSection(ProjectConfigurationPlatforms) = postSolution
		{0AAE562C-2FC3-4DF1-9E48-093BE1EDF16B}.Ad-Hoc|Any CPU.ActiveCfg = Release|Any CPU
		{0AAE562C-2FC3-4DF1-9E48-093BE1EDF16B}.Ad-Hoc|Any CPU.Build.0 = Release|Any CPU
		{0AAE562C-2FC3-4DF1-9E48-093BE1EDF16B}.Ad-Hoc|Any CPU.Deploy.0 = Release|Any CPU
		{0AAE562C-2FC3-4DF1-9E48-093BE1EDF16B}.Ad-Hoc|ARM.ActiveCfg = Release|Any CPU
		{0AAE562C-2FC3-4DF1-9E48-093BE1EDF16B}.Ad-Hoc|ARM.Build.0 = Release|Any CPU
		{0AAE562C-2FC3-4DF1-9E48-093BE1EDF16B}.Ad-Hoc|ARM.Deploy.0 = Release|Any CPU
		{0AAE562C-2FC3-4DF1-9E48-093BE1EDF16B}.Ad-Hoc|iPhone.ActiveCfg = Release|Any CPU
		{0AAE562C-2FC3-4DF1-9E48-093BE1EDF16B}.Ad-Hoc|iPhone.Build.0 = Release|Any CPU
		{0AAE562C-2FC3-4DF1-9E48-093BE1EDF16B}.Ad-Hoc|iPhone.Deploy.0 = Release|Any CPU
		{0AAE562C-2FC3-4DF1-9E48-093BE1EDF16B}.Ad-Hoc|iPhoneSimulator.ActiveCfg = Release|Any CPU
		{0AAE562C-2FC3-4DF1-9E48-093BE1EDF16B}.Ad-Hoc|iPhoneSimulator.Build.0 = Release|Any CPU
		{0AAE562C-2FC3-4DF1-9E48-093BE1EDF16B}.Ad-Hoc|iPhoneSimulator.Deploy.0 = Release|Any CPU
		{0AAE562C-2FC3-4DF1-9E48-093BE1EDF16B}.Ad-Hoc|x64.ActiveCfg = Release|Any CPU
		{0AAE562C-2FC3-4DF1-9E48-093BE1EDF16B}.Ad-Hoc|x64.Build.0 = Release|Any CPU
		{0AAE562C-2FC3-4DF1-9E48-093BE1EDF16B}.Ad-Hoc|x64.Deploy.0 = Release|Any CPU
		{0AAE562C-2FC3-4DF1-9E48-093BE1EDF16B}.Ad-Hoc|x86.ActiveCfg = Release|Any CPU
		{0AAE562C-2FC3-4DF1-9E48-093BE1EDF16B}.Ad-Hoc|x86.Build.0 = Release|Any CPU
		{0AAE562C-2FC3-4DF1-9E48-093BE1EDF16B}.Ad-Hoc|x86.Deploy.0 = Release|Any CPU
		{0AAE562C-2FC3-4DF1-9E48-093BE1EDF16B}.AppStore|Any CPU.ActiveCfg = Release|Any CPU
		{0AAE562C-2FC3-4DF1-9E48-093BE1EDF16B}.AppStore|Any CPU.Build.0 = Release|Any CPU
		{0AAE562C-2FC3-4DF1-9E48-093BE1EDF16B}.AppStore|Any CPU.Deploy.0 = Release|Any CPU
		{0AAE562C-2FC3-4DF1-9E48-093BE1EDF16B}.AppStore|ARM.ActiveCfg = Release|Any CPU
		{0AAE562C-2FC3-4DF1-9E48-093BE1EDF16B}.AppStore|ARM.Build.0 = Release|Any CPU
		{0AAE562C-2FC3-4DF1-9E48-093BE1EDF16B}.AppStore|ARM.Deploy.0 = Release|Any CPU
		{0AAE562C-2FC3-4DF1-9E48-093BE1EDF16B}.AppStore|iPhone.ActiveCfg = Release|Any CPU
		{0AAE562C-2FC3-4DF1-9E48-093BE1EDF16B}.AppStore|iPhone.Build.0 = Release|Any CPU
		{0AAE562C-2FC3-4DF1-9E48-093BE1EDF16B}.AppStore|iPhone.Deploy.0 = Release|Any CPU
		{0AAE562C-2FC3-4DF1-9E48-093BE1EDF16B}.AppStore|iPhoneSimulator.ActiveCfg = Release|Any CPU
		{0AAE562C-2FC3-4DF1-9E48-093BE1EDF16B}.AppStore|iPhoneSimulator.Build.0 = Release|Any CPU
		{0AAE562C-2FC3-4DF1-9E48-093BE1EDF16B}.AppStore|iPhoneSimulator.Deploy.0 = Release|Any CPU
		{0AAE562C-2FC3-4DF1-9E48-093BE1EDF16B}.AppStore|x64.ActiveCfg = Release|Any CPU
		{0AAE562C-2FC3-4DF1-9E48-093BE1EDF16B}.AppStore|x64.Build.0 = Release|Any CPU
		{0AAE562C-2FC3-4DF1-9E48-093BE1EDF16B}.AppStore|x64.Deploy.0 = Release|Any CPU
		{0AAE562C-2FC3-4DF1-9E48-093BE1EDF16B}.AppStore|x86.ActiveCfg = Release|Any CPU
		{0AAE562C-2FC3-4DF1-9E48-093BE1EDF16B}.AppStore|x86.Build.0 = Release|Any CPU
		{0AAE562C-2FC3-4DF1-9E48-093BE1EDF16B}.AppStore|x86.Deploy.0 = Release|Any CPU
		{0AAE562C-2FC3-4DF1-9E48-093BE1EDF16B}.Debug|Any CPU.ActiveCfg = Debug|Any CPU
		{0AAE562C-2FC3-4DF1-9E48-093BE1EDF16B}.Debug|Any CPU.Build.0 = Debug|Any CPU
		{0AAE562C-2FC3-4DF1-9E48-093BE1EDF16B}.Debug|Any CPU.Deploy.0 = Debug|Any CPU
		{0AAE562C-2FC3-4DF1-9E48-093BE1EDF16B}.Debug|ARM.ActiveCfg = Debug|Any CPU
		{0AAE562C-2FC3-4DF1-9E48-093BE1EDF16B}.Debug|ARM.Build.0 = Debug|Any CPU
		{0AAE562C-2FC3-4DF1-9E48-093BE1EDF16B}.Debug|ARM.Deploy.0 = Debug|Any CPU
		{0AAE562C-2FC3-4DF1-9E48-093BE1EDF16B}.Debug|iPhone.ActiveCfg = Debug|Any CPU
		{0AAE562C-2FC3-4DF1-9E48-093BE1EDF16B}.Debug|iPhone.Build.0 = Debug|Any CPU
		{0AAE562C-2FC3-4DF1-9E48-093BE1EDF16B}.Debug|iPhone.Deploy.0 = Debug|Any CPU
		{0AAE562C-2FC3-4DF1-9E48-093BE1EDF16B}.Debug|iPhoneSimulator.ActiveCfg = Debug|Any CPU
		{0AAE562C-2FC3-4DF1-9E48-093BE1EDF16B}.Debug|iPhoneSimulator.Build.0 = Debug|Any CPU
		{0AAE562C-2FC3-4DF1-9E48-093BE1EDF16B}.Debug|iPhoneSimulator.Deploy.0 = Debug|Any CPU
		{0AAE562C-2FC3-4DF1-9E48-093BE1EDF16B}.Debug|x64.ActiveCfg = Debug|Any CPU
		{0AAE562C-2FC3-4DF1-9E48-093BE1EDF16B}.Debug|x64.Build.0 = Debug|Any CPU
		{0AAE562C-2FC3-4DF1-9E48-093BE1EDF16B}.Debug|x64.Deploy.0 = Debug|Any CPU
		{0AAE562C-2FC3-4DF1-9E48-093BE1EDF16B}.Debug|x86.ActiveCfg = Debug|Any CPU
		{0AAE562C-2FC3-4DF1-9E48-093BE1EDF16B}.Debug|x86.Build.0 = Debug|Any CPU
		{0AAE562C-2FC3-4DF1-9E48-093BE1EDF16B}.Debug|x86.Deploy.0 = Debug|Any CPU
		{0AAE562C-2FC3-4DF1-9E48-093BE1EDF16B}.Release|Any CPU.ActiveCfg = Release|Any CPU
		{0AAE562C-2FC3-4DF1-9E48-093BE1EDF16B}.Release|Any CPU.Build.0 = Release|Any CPU
		{0AAE562C-2FC3-4DF1-9E48-093BE1EDF16B}.Release|Any CPU.Deploy.0 = Release|Any CPU
		{0AAE562C-2FC3-4DF1-9E48-093BE1EDF16B}.Release|ARM.ActiveCfg = Release|Any CPU
		{0AAE562C-2FC3-4DF1-9E48-093BE1EDF16B}.Release|ARM.Build.0 = Release|Any CPU
		{0AAE562C-2FC3-4DF1-9E48-093BE1EDF16B}.Release|ARM.Deploy.0 = Release|Any CPU
		{0AAE562C-2FC3-4DF1-9E48-093BE1EDF16B}.Release|iPhone.ActiveCfg = Release|Any CPU
		{0AAE562C-2FC3-4DF1-9E48-093BE1EDF16B}.Release|iPhone.Build.0 = Release|Any CPU
		{0AAE562C-2FC3-4DF1-9E48-093BE1EDF16B}.Release|iPhone.Deploy.0 = Release|Any CPU
		{0AAE562C-2FC3-4DF1-9E48-093BE1EDF16B}.Release|iPhoneSimulator.ActiveCfg = Release|Any CPU
		{0AAE562C-2FC3-4DF1-9E48-093BE1EDF16B}.Release|iPhoneSimulator.Build.0 = Release|Any CPU
		{0AAE562C-2FC3-4DF1-9E48-093BE1EDF16B}.Release|iPhoneSimulator.Deploy.0 = Release|Any CPU
		{0AAE562C-2FC3-4DF1-9E48-093BE1EDF16B}.Release|x64.ActiveCfg = Release|Any CPU
		{0AAE562C-2FC3-4DF1-9E48-093BE1EDF16B}.Release|x64.Build.0 = Release|Any CPU
		{0AAE562C-2FC3-4DF1-9E48-093BE1EDF16B}.Release|x64.Deploy.0 = Release|Any CPU
		{0AAE562C-2FC3-4DF1-9E48-093BE1EDF16B}.Release|x86.ActiveCfg = Release|Any CPU
		{0AAE562C-2FC3-4DF1-9E48-093BE1EDF16B}.Release|x86.Build.0 = Release|Any CPU
		{0AAE562C-2FC3-4DF1-9E48-093BE1EDF16B}.Release|x86.Deploy.0 = Release|Any CPU
		{4BE354DE-9B51-4DA3-890C-C8ACE21946E1}.Ad-Hoc|Any CPU.ActiveCfg = Release|Any CPU
		{4BE354DE-9B51-4DA3-890C-C8ACE21946E1}.Ad-Hoc|Any CPU.Build.0 = Release|Any CPU
		{4BE354DE-9B51-4DA3-890C-C8ACE21946E1}.Ad-Hoc|ARM.ActiveCfg = Release|Any CPU
		{4BE354DE-9B51-4DA3-890C-C8ACE21946E1}.Ad-Hoc|ARM.Build.0 = Release|Any CPU
		{4BE354DE-9B51-4DA3-890C-C8ACE21946E1}.Ad-Hoc|iPhone.ActiveCfg = Release|Any CPU
		{4BE354DE-9B51-4DA3-890C-C8ACE21946E1}.Ad-Hoc|iPhone.Build.0 = Release|Any CPU
		{4BE354DE-9B51-4DA3-890C-C8ACE21946E1}.Ad-Hoc|iPhoneSimulator.ActiveCfg = Release|Any CPU
		{4BE354DE-9B51-4DA3-890C-C8ACE21946E1}.Ad-Hoc|iPhoneSimulator.Build.0 = Release|Any CPU
		{4BE354DE-9B51-4DA3-890C-C8ACE21946E1}.Ad-Hoc|x64.ActiveCfg = Release|Any CPU
		{4BE354DE-9B51-4DA3-890C-C8ACE21946E1}.Ad-Hoc|x64.Build.0 = Release|Any CPU
		{4BE354DE-9B51-4DA3-890C-C8ACE21946E1}.Ad-Hoc|x86.ActiveCfg = Release|Any CPU
		{4BE354DE-9B51-4DA3-890C-C8ACE21946E1}.Ad-Hoc|x86.Build.0 = Release|Any CPU
		{4BE354DE-9B51-4DA3-890C-C8ACE21946E1}.AppStore|Any CPU.ActiveCfg = Release|Any CPU
		{4BE354DE-9B51-4DA3-890C-C8ACE21946E1}.AppStore|Any CPU.Build.0 = Release|Any CPU
		{4BE354DE-9B51-4DA3-890C-C8ACE21946E1}.AppStore|ARM.ActiveCfg = Release|Any CPU
		{4BE354DE-9B51-4DA3-890C-C8ACE21946E1}.AppStore|ARM.Build.0 = Release|Any CPU
		{4BE354DE-9B51-4DA3-890C-C8ACE21946E1}.AppStore|iPhone.ActiveCfg = Release|Any CPU
		{4BE354DE-9B51-4DA3-890C-C8ACE21946E1}.AppStore|iPhone.Build.0 = Release|Any CPU
		{4BE354DE-9B51-4DA3-890C-C8ACE21946E1}.AppStore|iPhoneSimulator.ActiveCfg = Release|Any CPU
		{4BE354DE-9B51-4DA3-890C-C8ACE21946E1}.AppStore|iPhoneSimulator.Build.0 = Release|Any CPU
		{4BE354DE-9B51-4DA3-890C-C8ACE21946E1}.AppStore|x64.ActiveCfg = Release|Any CPU
		{4BE354DE-9B51-4DA3-890C-C8ACE21946E1}.AppStore|x64.Build.0 = Release|Any CPU
		{4BE354DE-9B51-4DA3-890C-C8ACE21946E1}.AppStore|x86.ActiveCfg = Release|Any CPU
		{4BE354DE-9B51-4DA3-890C-C8ACE21946E1}.AppStore|x86.Build.0 = Release|Any CPU
		{4BE354DE-9B51-4DA3-890C-C8ACE21946E1}.Debug|Any CPU.ActiveCfg = Debug|Any CPU
		{4BE354DE-9B51-4DA3-890C-C8ACE21946E1}.Debug|Any CPU.Build.0 = Debug|Any CPU
		{4BE354DE-9B51-4DA3-890C-C8ACE21946E1}.Debug|ARM.ActiveCfg = Debug|Any CPU
		{4BE354DE-9B51-4DA3-890C-C8ACE21946E1}.Debug|ARM.Build.0 = Debug|Any CPU
		{4BE354DE-9B51-4DA3-890C-C8ACE21946E1}.Debug|iPhone.ActiveCfg = Debug|Any CPU
		{4BE354DE-9B51-4DA3-890C-C8ACE21946E1}.Debug|iPhone.Build.0 = Debug|Any CPU
		{4BE354DE-9B51-4DA3-890C-C8ACE21946E1}.Debug|iPhoneSimulator.ActiveCfg = Debug|Any CPU
		{4BE354DE-9B51-4DA3-890C-C8ACE21946E1}.Debug|iPhoneSimulator.Build.0 = Debug|Any CPU
		{4BE354DE-9B51-4DA3-890C-C8ACE21946E1}.Debug|x64.ActiveCfg = Debug|Any CPU
		{4BE354DE-9B51-4DA3-890C-C8ACE21946E1}.Debug|x64.Build.0 = Debug|Any CPU
		{4BE354DE-9B51-4DA3-890C-C8ACE21946E1}.Debug|x86.ActiveCfg = Debug|Any CPU
		{4BE354DE-9B51-4DA3-890C-C8ACE21946E1}.Debug|x86.Build.0 = Debug|Any CPU
		{4BE354DE-9B51-4DA3-890C-C8ACE21946E1}.Release|Any CPU.ActiveCfg = Release|Any CPU
		{4BE354DE-9B51-4DA3-890C-C8ACE21946E1}.Release|Any CPU.Build.0 = Release|Any CPU
		{4BE354DE-9B51-4DA3-890C-C8ACE21946E1}.Release|ARM.ActiveCfg = Release|Any CPU
		{4BE354DE-9B51-4DA3-890C-C8ACE21946E1}.Release|ARM.Build.0 = Release|Any CPU
		{4BE354DE-9B51-4DA3-890C-C8ACE21946E1}.Release|iPhone.ActiveCfg = Release|Any CPU
		{4BE354DE-9B51-4DA3-890C-C8ACE21946E1}.Release|iPhone.Build.0 = Release|Any CPU
		{4BE354DE-9B51-4DA3-890C-C8ACE21946E1}.Release|iPhoneSimulator.ActiveCfg = Release|Any CPU
		{4BE354DE-9B51-4DA3-890C-C8ACE21946E1}.Release|iPhoneSimulator.Build.0 = Release|Any CPU
		{4BE354DE-9B51-4DA3-890C-C8ACE21946E1}.Release|x64.ActiveCfg = Release|Any CPU
		{4BE354DE-9B51-4DA3-890C-C8ACE21946E1}.Release|x64.Build.0 = Release|Any CPU
		{4BE354DE-9B51-4DA3-890C-C8ACE21946E1}.Release|x86.ActiveCfg = Release|Any CPU
		{4BE354DE-9B51-4DA3-890C-C8ACE21946E1}.Release|x86.Build.0 = Release|Any CPU
		{49AA4E43-74AE-4CE7-9D51-DFA8B0D4C504}.Ad-Hoc|Any CPU.ActiveCfg = Release|Any CPU
		{49AA4E43-74AE-4CE7-9D51-DFA8B0D4C504}.Ad-Hoc|Any CPU.Build.0 = Release|Any CPU
		{49AA4E43-74AE-4CE7-9D51-DFA8B0D4C504}.Ad-Hoc|ARM.ActiveCfg = Release|Any CPU
		{49AA4E43-74AE-4CE7-9D51-DFA8B0D4C504}.Ad-Hoc|ARM.Build.0 = Release|Any CPU
		{49AA4E43-74AE-4CE7-9D51-DFA8B0D4C504}.Ad-Hoc|iPhone.ActiveCfg = Release|Any CPU
		{49AA4E43-74AE-4CE7-9D51-DFA8B0D4C504}.Ad-Hoc|iPhone.Build.0 = Release|Any CPU
		{49AA4E43-74AE-4CE7-9D51-DFA8B0D4C504}.Ad-Hoc|iPhoneSimulator.ActiveCfg = Release|Any CPU
		{49AA4E43-74AE-4CE7-9D51-DFA8B0D4C504}.Ad-Hoc|iPhoneSimulator.Build.0 = Release|Any CPU
		{49AA4E43-74AE-4CE7-9D51-DFA8B0D4C504}.Ad-Hoc|x64.ActiveCfg = Release|Any CPU
		{49AA4E43-74AE-4CE7-9D51-DFA8B0D4C504}.Ad-Hoc|x64.Build.0 = Release|Any CPU
		{49AA4E43-74AE-4CE7-9D51-DFA8B0D4C504}.Ad-Hoc|x86.ActiveCfg = Release|Any CPU
		{49AA4E43-74AE-4CE7-9D51-DFA8B0D4C504}.Ad-Hoc|x86.Build.0 = Release|Any CPU
		{49AA4E43-74AE-4CE7-9D51-DFA8B0D4C504}.AppStore|Any CPU.ActiveCfg = Release|Any CPU
		{49AA4E43-74AE-4CE7-9D51-DFA8B0D4C504}.AppStore|Any CPU.Build.0 = Release|Any CPU
		{49AA4E43-74AE-4CE7-9D51-DFA8B0D4C504}.AppStore|ARM.ActiveCfg = Release|Any CPU
		{49AA4E43-74AE-4CE7-9D51-DFA8B0D4C504}.AppStore|ARM.Build.0 = Release|Any CPU
		{49AA4E43-74AE-4CE7-9D51-DFA8B0D4C504}.AppStore|iPhone.ActiveCfg = Release|Any CPU
		{49AA4E43-74AE-4CE7-9D51-DFA8B0D4C504}.AppStore|iPhone.Build.0 = Release|Any CPU
		{49AA4E43-74AE-4CE7-9D51-DFA8B0D4C504}.AppStore|iPhoneSimulator.ActiveCfg = Release|Any CPU
		{49AA4E43-74AE-4CE7-9D51-DFA8B0D4C504}.AppStore|iPhoneSimulator.Build.0 = Release|Any CPU
		{49AA4E43-74AE-4CE7-9D51-DFA8B0D4C504}.AppStore|x64.ActiveCfg = Release|Any CPU
		{49AA4E43-74AE-4CE7-9D51-DFA8B0D4C504}.AppStore|x64.Build.0 = Release|Any CPU
		{49AA4E43-74AE-4CE7-9D51-DFA8B0D4C504}.AppStore|x86.ActiveCfg = Release|Any CPU
		{49AA4E43-74AE-4CE7-9D51-DFA8B0D4C504}.AppStore|x86.Build.0 = Release|Any CPU
		{49AA4E43-74AE-4CE7-9D51-DFA8B0D4C504}.Debug|Any CPU.ActiveCfg = Debug|Any CPU
		{49AA4E43-74AE-4CE7-9D51-DFA8B0D4C504}.Debug|Any CPU.Build.0 = Debug|Any CPU
		{49AA4E43-74AE-4CE7-9D51-DFA8B0D4C504}.Debug|ARM.ActiveCfg = Debug|Any CPU
		{49AA4E43-74AE-4CE7-9D51-DFA8B0D4C504}.Debug|ARM.Build.0 = Debug|Any CPU
		{49AA4E43-74AE-4CE7-9D51-DFA8B0D4C504}.Debug|iPhone.ActiveCfg = Debug|Any CPU
		{49AA4E43-74AE-4CE7-9D51-DFA8B0D4C504}.Debug|iPhone.Build.0 = Debug|Any CPU
		{49AA4E43-74AE-4CE7-9D51-DFA8B0D4C504}.Debug|iPhoneSimulator.ActiveCfg = Debug|Any CPU
		{49AA4E43-74AE-4CE7-9D51-DFA8B0D4C504}.Debug|iPhoneSimulator.Build.0 = Debug|Any CPU
		{49AA4E43-74AE-4CE7-9D51-DFA8B0D4C504}.Debug|x64.ActiveCfg = Debug|Any CPU
		{49AA4E43-74AE-4CE7-9D51-DFA8B0D4C504}.Debug|x64.Build.0 = Debug|Any CPU
		{49AA4E43-74AE-4CE7-9D51-DFA8B0D4C504}.Debug|x86.ActiveCfg = Debug|Any CPU
		{49AA4E43-74AE-4CE7-9D51-DFA8B0D4C504}.Debug|x86.Build.0 = Debug|Any CPU
		{49AA4E43-74AE-4CE7-9D51-DFA8B0D4C504}.Release|Any CPU.ActiveCfg = Release|Any CPU
		{49AA4E43-74AE-4CE7-9D51-DFA8B0D4C504}.Release|Any CPU.Build.0 = Release|Any CPU
		{49AA4E43-74AE-4CE7-9D51-DFA8B0D4C504}.Release|ARM.ActiveCfg = Release|Any CPU
		{49AA4E43-74AE-4CE7-9D51-DFA8B0D4C504}.Release|ARM.Build.0 = Release|Any CPU
		{49AA4E43-74AE-4CE7-9D51-DFA8B0D4C504}.Release|iPhone.ActiveCfg = Release|Any CPU
		{49AA4E43-74AE-4CE7-9D51-DFA8B0D4C504}.Release|iPhone.Build.0 = Release|Any CPU
		{49AA4E43-74AE-4CE7-9D51-DFA8B0D4C504}.Release|iPhoneSimulator.ActiveCfg = Release|Any CPU
		{49AA4E43-74AE-4CE7-9D51-DFA8B0D4C504}.Release|iPhoneSimulator.Build.0 = Release|Any CPU
		{49AA4E43-74AE-4CE7-9D51-DFA8B0D4C504}.Release|x64.ActiveCfg = Release|Any CPU
		{49AA4E43-74AE-4CE7-9D51-DFA8B0D4C504}.Release|x64.Build.0 = Release|Any CPU
		{49AA4E43-74AE-4CE7-9D51-DFA8B0D4C504}.Release|x86.ActiveCfg = Release|Any CPU
		{49AA4E43-74AE-4CE7-9D51-DFA8B0D4C504}.Release|x86.Build.0 = Release|Any CPU
		{A02710BF-5FD0-4BEB-B97C-C666A5D1E8AC}.Ad-Hoc|Any CPU.ActiveCfg = Debug|Any CPU
		{A02710BF-5FD0-4BEB-B97C-C666A5D1E8AC}.Ad-Hoc|Any CPU.Build.0 = Debug|Any CPU
		{A02710BF-5FD0-4BEB-B97C-C666A5D1E8AC}.Ad-Hoc|ARM.ActiveCfg = Debug|Any CPU
		{A02710BF-5FD0-4BEB-B97C-C666A5D1E8AC}.Ad-Hoc|ARM.Build.0 = Debug|Any CPU
		{A02710BF-5FD0-4BEB-B97C-C666A5D1E8AC}.Ad-Hoc|iPhone.ActiveCfg = Debug|Any CPU
		{A02710BF-5FD0-4BEB-B97C-C666A5D1E8AC}.Ad-Hoc|iPhone.Build.0 = Debug|Any CPU
		{A02710BF-5FD0-4BEB-B97C-C666A5D1E8AC}.Ad-Hoc|iPhoneSimulator.ActiveCfg = Debug|Any CPU
		{A02710BF-5FD0-4BEB-B97C-C666A5D1E8AC}.Ad-Hoc|iPhoneSimulator.Build.0 = Debug|Any CPU
		{A02710BF-5FD0-4BEB-B97C-C666A5D1E8AC}.Ad-Hoc|x64.ActiveCfg = Debug|Any CPU
		{A02710BF-5FD0-4BEB-B97C-C666A5D1E8AC}.Ad-Hoc|x64.Build.0 = Debug|Any CPU
		{A02710BF-5FD0-4BEB-B97C-C666A5D1E8AC}.Ad-Hoc|x86.ActiveCfg = Debug|Any CPU
		{A02710BF-5FD0-4BEB-B97C-C666A5D1E8AC}.Ad-Hoc|x86.Build.0 = Debug|Any CPU
		{A02710BF-5FD0-4BEB-B97C-C666A5D1E8AC}.AppStore|Any CPU.ActiveCfg = Debug|Any CPU
		{A02710BF-5FD0-4BEB-B97C-C666A5D1E8AC}.AppStore|Any CPU.Build.0 = Debug|Any CPU
		{A02710BF-5FD0-4BEB-B97C-C666A5D1E8AC}.AppStore|ARM.ActiveCfg = Debug|Any CPU
		{A02710BF-5FD0-4BEB-B97C-C666A5D1E8AC}.AppStore|ARM.Build.0 = Debug|Any CPU
		{A02710BF-5FD0-4BEB-B97C-C666A5D1E8AC}.AppStore|iPhone.ActiveCfg = Debug|Any CPU
		{A02710BF-5FD0-4BEB-B97C-C666A5D1E8AC}.AppStore|iPhone.Build.0 = Debug|Any CPU
		{A02710BF-5FD0-4BEB-B97C-C666A5D1E8AC}.AppStore|iPhoneSimulator.ActiveCfg = Debug|Any CPU
		{A02710BF-5FD0-4BEB-B97C-C666A5D1E8AC}.AppStore|iPhoneSimulator.Build.0 = Debug|Any CPU
		{A02710BF-5FD0-4BEB-B97C-C666A5D1E8AC}.AppStore|x64.ActiveCfg = Debug|Any CPU
		{A02710BF-5FD0-4BEB-B97C-C666A5D1E8AC}.AppStore|x64.Build.0 = Debug|Any CPU
		{A02710BF-5FD0-4BEB-B97C-C666A5D1E8AC}.AppStore|x86.ActiveCfg = Debug|Any CPU
		{A02710BF-5FD0-4BEB-B97C-C666A5D1E8AC}.AppStore|x86.Build.0 = Debug|Any CPU
		{A02710BF-5FD0-4BEB-B97C-C666A5D1E8AC}.Debug|Any CPU.ActiveCfg = Debug|Any CPU
		{A02710BF-5FD0-4BEB-B97C-C666A5D1E8AC}.Debug|Any CPU.Build.0 = Debug|Any CPU
		{A02710BF-5FD0-4BEB-B97C-C666A5D1E8AC}.Debug|ARM.ActiveCfg = Debug|Any CPU
		{A02710BF-5FD0-4BEB-B97C-C666A5D1E8AC}.Debug|ARM.Build.0 = Debug|Any CPU
		{A02710BF-5FD0-4BEB-B97C-C666A5D1E8AC}.Debug|iPhone.ActiveCfg = Debug|Any CPU
		{A02710BF-5FD0-4BEB-B97C-C666A5D1E8AC}.Debug|iPhone.Build.0 = Debug|Any CPU
		{A02710BF-5FD0-4BEB-B97C-C666A5D1E8AC}.Debug|iPhoneSimulator.ActiveCfg = Debug|Any CPU
		{A02710BF-5FD0-4BEB-B97C-C666A5D1E8AC}.Debug|iPhoneSimulator.Build.0 = Debug|Any CPU
		{A02710BF-5FD0-4BEB-B97C-C666A5D1E8AC}.Debug|x64.ActiveCfg = Debug|Any CPU
		{A02710BF-5FD0-4BEB-B97C-C666A5D1E8AC}.Debug|x64.Build.0 = Debug|Any CPU
		{A02710BF-5FD0-4BEB-B97C-C666A5D1E8AC}.Debug|x86.ActiveCfg = Debug|Any CPU
		{A02710BF-5FD0-4BEB-B97C-C666A5D1E8AC}.Debug|x86.Build.0 = Debug|Any CPU
		{A02710BF-5FD0-4BEB-B97C-C666A5D1E8AC}.Release|Any CPU.ActiveCfg = Release|Any CPU
		{A02710BF-5FD0-4BEB-B97C-C666A5D1E8AC}.Release|Any CPU.Build.0 = Release|Any CPU
		{A02710BF-5FD0-4BEB-B97C-C666A5D1E8AC}.Release|ARM.ActiveCfg = Release|Any CPU
		{A02710BF-5FD0-4BEB-B97C-C666A5D1E8AC}.Release|ARM.Build.0 = Release|Any CPU
		{A02710BF-5FD0-4BEB-B97C-C666A5D1E8AC}.Release|iPhone.ActiveCfg = Release|Any CPU
		{A02710BF-5FD0-4BEB-B97C-C666A5D1E8AC}.Release|iPhone.Build.0 = Release|Any CPU
		{A02710BF-5FD0-4BEB-B97C-C666A5D1E8AC}.Release|iPhoneSimulator.ActiveCfg = Release|Any CPU
		{A02710BF-5FD0-4BEB-B97C-C666A5D1E8AC}.Release|iPhoneSimulator.Build.0 = Release|Any CPU
		{A02710BF-5FD0-4BEB-B97C-C666A5D1E8AC}.Release|x64.ActiveCfg = Release|Any CPU
		{A02710BF-5FD0-4BEB-B97C-C666A5D1E8AC}.Release|x64.Build.0 = Release|Any CPU
		{A02710BF-5FD0-4BEB-B97C-C666A5D1E8AC}.Release|x86.ActiveCfg = Release|Any CPU
		{A02710BF-5FD0-4BEB-B97C-C666A5D1E8AC}.Release|x86.Build.0 = Release|Any CPU
		{EA9534A8-C91A-4A7D-8658-A43BE5FB4292}.Ad-Hoc|Any CPU.ActiveCfg = Debug|Any CPU
		{EA9534A8-C91A-4A7D-8658-A43BE5FB4292}.Ad-Hoc|Any CPU.Build.0 = Debug|Any CPU
		{EA9534A8-C91A-4A7D-8658-A43BE5FB4292}.Ad-Hoc|ARM.ActiveCfg = Debug|Any CPU
		{EA9534A8-C91A-4A7D-8658-A43BE5FB4292}.Ad-Hoc|ARM.Build.0 = Debug|Any CPU
		{EA9534A8-C91A-4A7D-8658-A43BE5FB4292}.Ad-Hoc|iPhone.ActiveCfg = Debug|Any CPU
		{EA9534A8-C91A-4A7D-8658-A43BE5FB4292}.Ad-Hoc|iPhone.Build.0 = Debug|Any CPU
		{EA9534A8-C91A-4A7D-8658-A43BE5FB4292}.Ad-Hoc|iPhoneSimulator.ActiveCfg = Debug|Any CPU
		{EA9534A8-C91A-4A7D-8658-A43BE5FB4292}.Ad-Hoc|iPhoneSimulator.Build.0 = Debug|Any CPU
		{EA9534A8-C91A-4A7D-8658-A43BE5FB4292}.Ad-Hoc|x64.ActiveCfg = Debug|Any CPU
		{EA9534A8-C91A-4A7D-8658-A43BE5FB4292}.Ad-Hoc|x64.Build.0 = Debug|Any CPU
		{EA9534A8-C91A-4A7D-8658-A43BE5FB4292}.Ad-Hoc|x86.ActiveCfg = Debug|Any CPU
		{EA9534A8-C91A-4A7D-8658-A43BE5FB4292}.Ad-Hoc|x86.Build.0 = Debug|Any CPU
		{EA9534A8-C91A-4A7D-8658-A43BE5FB4292}.AppStore|Any CPU.ActiveCfg = Debug|Any CPU
		{EA9534A8-C91A-4A7D-8658-A43BE5FB4292}.AppStore|Any CPU.Build.0 = Debug|Any CPU
		{EA9534A8-C91A-4A7D-8658-A43BE5FB4292}.AppStore|ARM.ActiveCfg = Debug|Any CPU
		{EA9534A8-C91A-4A7D-8658-A43BE5FB4292}.AppStore|ARM.Build.0 = Debug|Any CPU
		{EA9534A8-C91A-4A7D-8658-A43BE5FB4292}.AppStore|iPhone.ActiveCfg = Debug|Any CPU
		{EA9534A8-C91A-4A7D-8658-A43BE5FB4292}.AppStore|iPhone.Build.0 = Debug|Any CPU
		{EA9534A8-C91A-4A7D-8658-A43BE5FB4292}.AppStore|iPhoneSimulator.ActiveCfg = Debug|Any CPU
		{EA9534A8-C91A-4A7D-8658-A43BE5FB4292}.AppStore|iPhoneSimulator.Build.0 = Debug|Any CPU
		{EA9534A8-C91A-4A7D-8658-A43BE5FB4292}.AppStore|x64.ActiveCfg = Debug|Any CPU
		{EA9534A8-C91A-4A7D-8658-A43BE5FB4292}.AppStore|x64.Build.0 = Debug|Any CPU
		{EA9534A8-C91A-4A7D-8658-A43BE5FB4292}.AppStore|x86.ActiveCfg = Debug|Any CPU
		{EA9534A8-C91A-4A7D-8658-A43BE5FB4292}.AppStore|x86.Build.0 = Debug|Any CPU
		{EA9534A8-C91A-4A7D-8658-A43BE5FB4292}.Debug|Any CPU.ActiveCfg = Debug|Any CPU
		{EA9534A8-C91A-4A7D-8658-A43BE5FB4292}.Debug|Any CPU.Build.0 = Debug|Any CPU
		{EA9534A8-C91A-4A7D-8658-A43BE5FB4292}.Debug|ARM.ActiveCfg = Debug|Any CPU
		{EA9534A8-C91A-4A7D-8658-A43BE5FB4292}.Debug|ARM.Build.0 = Debug|Any CPU
		{EA9534A8-C91A-4A7D-8658-A43BE5FB4292}.Debug|iPhone.ActiveCfg = Debug|Any CPU
		{EA9534A8-C91A-4A7D-8658-A43BE5FB4292}.Debug|iPhone.Build.0 = Debug|Any CPU
		{EA9534A8-C91A-4A7D-8658-A43BE5FB4292}.Debug|iPhoneSimulator.ActiveCfg = Debug|Any CPU
		{EA9534A8-C91A-4A7D-8658-A43BE5FB4292}.Debug|iPhoneSimulator.Build.0 = Debug|Any CPU
		{EA9534A8-C91A-4A7D-8658-A43BE5FB4292}.Debug|x64.ActiveCfg = Debug|Any CPU
		{EA9534A8-C91A-4A7D-8658-A43BE5FB4292}.Debug|x64.Build.0 = Debug|Any CPU
		{EA9534A8-C91A-4A7D-8658-A43BE5FB4292}.Debug|x86.ActiveCfg = Debug|Any CPU
		{EA9534A8-C91A-4A7D-8658-A43BE5FB4292}.Debug|x86.Build.0 = Debug|Any CPU
		{EA9534A8-C91A-4A7D-8658-A43BE5FB4292}.Release|Any CPU.ActiveCfg = Release|Any CPU
		{EA9534A8-C91A-4A7D-8658-A43BE5FB4292}.Release|Any CPU.Build.0 = Release|Any CPU
		{EA9534A8-C91A-4A7D-8658-A43BE5FB4292}.Release|ARM.ActiveCfg = Release|Any CPU
		{EA9534A8-C91A-4A7D-8658-A43BE5FB4292}.Release|ARM.Build.0 = Release|Any CPU
		{EA9534A8-C91A-4A7D-8658-A43BE5FB4292}.Release|iPhone.ActiveCfg = Release|Any CPU
		{EA9534A8-C91A-4A7D-8658-A43BE5FB4292}.Release|iPhone.Build.0 = Release|Any CPU
		{EA9534A8-C91A-4A7D-8658-A43BE5FB4292}.Release|iPhoneSimulator.ActiveCfg = Release|Any CPU
		{EA9534A8-C91A-4A7D-8658-A43BE5FB4292}.Release|iPhoneSimulator.Build.0 = Release|Any CPU
		{EA9534A8-C91A-4A7D-8658-A43BE5FB4292}.Release|x64.ActiveCfg = Release|Any CPU
		{EA9534A8-C91A-4A7D-8658-A43BE5FB4292}.Release|x64.Build.0 = Release|Any CPU
		{EA9534A8-C91A-4A7D-8658-A43BE5FB4292}.Release|x86.ActiveCfg = Release|Any CPU
		{EA9534A8-C91A-4A7D-8658-A43BE5FB4292}.Release|x86.Build.0 = Release|Any CPU
		{195A7171-90F2-4EBF-83CB-10E24CC250B8}.Ad-Hoc|Any CPU.ActiveCfg = Debug|Any CPU
		{195A7171-90F2-4EBF-83CB-10E24CC250B8}.Ad-Hoc|Any CPU.Build.0 = Debug|Any CPU
		{195A7171-90F2-4EBF-83CB-10E24CC250B8}.Ad-Hoc|ARM.ActiveCfg = Debug|Any CPU
		{195A7171-90F2-4EBF-83CB-10E24CC250B8}.Ad-Hoc|ARM.Build.0 = Debug|Any CPU
		{195A7171-90F2-4EBF-83CB-10E24CC250B8}.Ad-Hoc|iPhone.ActiveCfg = Debug|Any CPU
		{195A7171-90F2-4EBF-83CB-10E24CC250B8}.Ad-Hoc|iPhone.Build.0 = Debug|Any CPU
		{195A7171-90F2-4EBF-83CB-10E24CC250B8}.Ad-Hoc|iPhoneSimulator.ActiveCfg = Debug|Any CPU
		{195A7171-90F2-4EBF-83CB-10E24CC250B8}.Ad-Hoc|iPhoneSimulator.Build.0 = Debug|Any CPU
		{195A7171-90F2-4EBF-83CB-10E24CC250B8}.Ad-Hoc|x64.ActiveCfg = Debug|Any CPU
		{195A7171-90F2-4EBF-83CB-10E24CC250B8}.Ad-Hoc|x64.Build.0 = Debug|Any CPU
		{195A7171-90F2-4EBF-83CB-10E24CC250B8}.Ad-Hoc|x86.ActiveCfg = Debug|Any CPU
		{195A7171-90F2-4EBF-83CB-10E24CC250B8}.Ad-Hoc|x86.Build.0 = Debug|Any CPU
		{195A7171-90F2-4EBF-83CB-10E24CC250B8}.AppStore|Any CPU.ActiveCfg = Debug|Any CPU
		{195A7171-90F2-4EBF-83CB-10E24CC250B8}.AppStore|Any CPU.Build.0 = Debug|Any CPU
		{195A7171-90F2-4EBF-83CB-10E24CC250B8}.AppStore|ARM.ActiveCfg = Debug|Any CPU
		{195A7171-90F2-4EBF-83CB-10E24CC250B8}.AppStore|ARM.Build.0 = Debug|Any CPU
		{195A7171-90F2-4EBF-83CB-10E24CC250B8}.AppStore|iPhone.ActiveCfg = Debug|Any CPU
		{195A7171-90F2-4EBF-83CB-10E24CC250B8}.AppStore|iPhone.Build.0 = Debug|Any CPU
		{195A7171-90F2-4EBF-83CB-10E24CC250B8}.AppStore|iPhoneSimulator.ActiveCfg = Debug|Any CPU
		{195A7171-90F2-4EBF-83CB-10E24CC250B8}.AppStore|iPhoneSimulator.Build.0 = Debug|Any CPU
		{195A7171-90F2-4EBF-83CB-10E24CC250B8}.AppStore|x64.ActiveCfg = Debug|Any CPU
		{195A7171-90F2-4EBF-83CB-10E24CC250B8}.AppStore|x64.Build.0 = Debug|Any CPU
		{195A7171-90F2-4EBF-83CB-10E24CC250B8}.AppStore|x86.ActiveCfg = Debug|Any CPU
		{195A7171-90F2-4EBF-83CB-10E24CC250B8}.AppStore|x86.Build.0 = Debug|Any CPU
		{195A7171-90F2-4EBF-83CB-10E24CC250B8}.Debug|Any CPU.ActiveCfg = Debug|Any CPU
		{195A7171-90F2-4EBF-83CB-10E24CC250B8}.Debug|Any CPU.Build.0 = Debug|Any CPU
		{195A7171-90F2-4EBF-83CB-10E24CC250B8}.Debug|ARM.ActiveCfg = Debug|Any CPU
		{195A7171-90F2-4EBF-83CB-10E24CC250B8}.Debug|ARM.Build.0 = Debug|Any CPU
		{195A7171-90F2-4EBF-83CB-10E24CC250B8}.Debug|iPhone.ActiveCfg = Debug|Any CPU
		{195A7171-90F2-4EBF-83CB-10E24CC250B8}.Debug|iPhone.Build.0 = Debug|Any CPU
		{195A7171-90F2-4EBF-83CB-10E24CC250B8}.Debug|iPhoneSimulator.ActiveCfg = Debug|Any CPU
		{195A7171-90F2-4EBF-83CB-10E24CC250B8}.Debug|iPhoneSimulator.Build.0 = Debug|Any CPU
		{195A7171-90F2-4EBF-83CB-10E24CC250B8}.Debug|x64.ActiveCfg = Debug|Any CPU
		{195A7171-90F2-4EBF-83CB-10E24CC250B8}.Debug|x64.Build.0 = Debug|Any CPU
		{195A7171-90F2-4EBF-83CB-10E24CC250B8}.Debug|x86.ActiveCfg = Debug|Any CPU
		{195A7171-90F2-4EBF-83CB-10E24CC250B8}.Debug|x86.Build.0 = Debug|Any CPU
		{195A7171-90F2-4EBF-83CB-10E24CC250B8}.Release|Any CPU.ActiveCfg = Release|Any CPU
		{195A7171-90F2-4EBF-83CB-10E24CC250B8}.Release|Any CPU.Build.0 = Release|Any CPU
		{195A7171-90F2-4EBF-83CB-10E24CC250B8}.Release|ARM.ActiveCfg = Release|Any CPU
		{195A7171-90F2-4EBF-83CB-10E24CC250B8}.Release|ARM.Build.0 = Release|Any CPU
		{195A7171-90F2-4EBF-83CB-10E24CC250B8}.Release|iPhone.ActiveCfg = Release|Any CPU
		{195A7171-90F2-4EBF-83CB-10E24CC250B8}.Release|iPhone.Build.0 = Release|Any CPU
		{195A7171-90F2-4EBF-83CB-10E24CC250B8}.Release|iPhoneSimulator.ActiveCfg = Release|Any CPU
		{195A7171-90F2-4EBF-83CB-10E24CC250B8}.Release|iPhoneSimulator.Build.0 = Release|Any CPU
		{195A7171-90F2-4EBF-83CB-10E24CC250B8}.Release|x64.ActiveCfg = Release|Any CPU
		{195A7171-90F2-4EBF-83CB-10E24CC250B8}.Release|x64.Build.0 = Release|Any CPU
		{195A7171-90F2-4EBF-83CB-10E24CC250B8}.Release|x86.ActiveCfg = Release|Any CPU
		{195A7171-90F2-4EBF-83CB-10E24CC250B8}.Release|x86.Build.0 = Release|Any CPU
		{1EA01F15-FF3D-497D-B888-B10E57BBB993}.Ad-Hoc|Any CPU.ActiveCfg = Debug|Any CPU
		{1EA01F15-FF3D-497D-B888-B10E57BBB993}.Ad-Hoc|Any CPU.Build.0 = Debug|Any CPU
		{1EA01F15-FF3D-497D-B888-B10E57BBB993}.Ad-Hoc|ARM.ActiveCfg = Debug|Any CPU
		{1EA01F15-FF3D-497D-B888-B10E57BBB993}.Ad-Hoc|ARM.Build.0 = Debug|Any CPU
		{1EA01F15-FF3D-497D-B888-B10E57BBB993}.Ad-Hoc|iPhone.ActiveCfg = Debug|Any CPU
		{1EA01F15-FF3D-497D-B888-B10E57BBB993}.Ad-Hoc|iPhone.Build.0 = Debug|Any CPU
		{1EA01F15-FF3D-497D-B888-B10E57BBB993}.Ad-Hoc|iPhoneSimulator.ActiveCfg = Debug|Any CPU
		{1EA01F15-FF3D-497D-B888-B10E57BBB993}.Ad-Hoc|iPhoneSimulator.Build.0 = Debug|Any CPU
		{1EA01F15-FF3D-497D-B888-B10E57BBB993}.Ad-Hoc|x64.ActiveCfg = Debug|Any CPU
		{1EA01F15-FF3D-497D-B888-B10E57BBB993}.Ad-Hoc|x64.Build.0 = Debug|Any CPU
		{1EA01F15-FF3D-497D-B888-B10E57BBB993}.Ad-Hoc|x86.ActiveCfg = Debug|Any CPU
		{1EA01F15-FF3D-497D-B888-B10E57BBB993}.Ad-Hoc|x86.Build.0 = Debug|Any CPU
		{1EA01F15-FF3D-497D-B888-B10E57BBB993}.AppStore|Any CPU.ActiveCfg = Debug|Any CPU
		{1EA01F15-FF3D-497D-B888-B10E57BBB993}.AppStore|Any CPU.Build.0 = Debug|Any CPU
		{1EA01F15-FF3D-497D-B888-B10E57BBB993}.AppStore|ARM.ActiveCfg = Debug|Any CPU
		{1EA01F15-FF3D-497D-B888-B10E57BBB993}.AppStore|ARM.Build.0 = Debug|Any CPU
		{1EA01F15-FF3D-497D-B888-B10E57BBB993}.AppStore|iPhone.ActiveCfg = Debug|Any CPU
		{1EA01F15-FF3D-497D-B888-B10E57BBB993}.AppStore|iPhone.Build.0 = Debug|Any CPU
		{1EA01F15-FF3D-497D-B888-B10E57BBB993}.AppStore|iPhoneSimulator.ActiveCfg = Debug|Any CPU
		{1EA01F15-FF3D-497D-B888-B10E57BBB993}.AppStore|iPhoneSimulator.Build.0 = Debug|Any CPU
		{1EA01F15-FF3D-497D-B888-B10E57BBB993}.AppStore|x64.ActiveCfg = Debug|Any CPU
		{1EA01F15-FF3D-497D-B888-B10E57BBB993}.AppStore|x64.Build.0 = Debug|Any CPU
		{1EA01F15-FF3D-497D-B888-B10E57BBB993}.AppStore|x86.ActiveCfg = Debug|Any CPU
		{1EA01F15-FF3D-497D-B888-B10E57BBB993}.AppStore|x86.Build.0 = Debug|Any CPU
		{1EA01F15-FF3D-497D-B888-B10E57BBB993}.Debug|Any CPU.ActiveCfg = Debug|Any CPU
		{1EA01F15-FF3D-497D-B888-B10E57BBB993}.Debug|Any CPU.Build.0 = Debug|Any CPU
		{1EA01F15-FF3D-497D-B888-B10E57BBB993}.Debug|ARM.ActiveCfg = Debug|Any CPU
		{1EA01F15-FF3D-497D-B888-B10E57BBB993}.Debug|ARM.Build.0 = Debug|Any CPU
		{1EA01F15-FF3D-497D-B888-B10E57BBB993}.Debug|iPhone.ActiveCfg = Debug|Any CPU
		{1EA01F15-FF3D-497D-B888-B10E57BBB993}.Debug|iPhone.Build.0 = Debug|Any CPU
		{1EA01F15-FF3D-497D-B888-B10E57BBB993}.Debug|iPhoneSimulator.ActiveCfg = Debug|Any CPU
		{1EA01F15-FF3D-497D-B888-B10E57BBB993}.Debug|iPhoneSimulator.Build.0 = Debug|Any CPU
		{1EA01F15-FF3D-497D-B888-B10E57BBB993}.Debug|x64.ActiveCfg = Debug|Any CPU
		{1EA01F15-FF3D-497D-B888-B10E57BBB993}.Debug|x64.Build.0 = Debug|Any CPU
		{1EA01F15-FF3D-497D-B888-B10E57BBB993}.Debug|x86.ActiveCfg = Debug|Any CPU
		{1EA01F15-FF3D-497D-B888-B10E57BBB993}.Debug|x86.Build.0 = Debug|Any CPU
		{1EA01F15-FF3D-497D-B888-B10E57BBB993}.Release|Any CPU.ActiveCfg = Release|Any CPU
		{1EA01F15-FF3D-497D-B888-B10E57BBB993}.Release|Any CPU.Build.0 = Release|Any CPU
		{1EA01F15-FF3D-497D-B888-B10E57BBB993}.Release|ARM.ActiveCfg = Release|Any CPU
		{1EA01F15-FF3D-497D-B888-B10E57BBB993}.Release|ARM.Build.0 = Release|Any CPU
		{1EA01F15-FF3D-497D-B888-B10E57BBB993}.Release|iPhone.ActiveCfg = Release|Any CPU
		{1EA01F15-FF3D-497D-B888-B10E57BBB993}.Release|iPhone.Build.0 = Release|Any CPU
		{1EA01F15-FF3D-497D-B888-B10E57BBB993}.Release|iPhoneSimulator.ActiveCfg = Release|Any CPU
		{1EA01F15-FF3D-497D-B888-B10E57BBB993}.Release|iPhoneSimulator.Build.0 = Release|Any CPU
		{1EA01F15-FF3D-497D-B888-B10E57BBB993}.Release|x64.ActiveCfg = Release|Any CPU
		{1EA01F15-FF3D-497D-B888-B10E57BBB993}.Release|x64.Build.0 = Release|Any CPU
		{1EA01F15-FF3D-497D-B888-B10E57BBB993}.Release|x86.ActiveCfg = Release|Any CPU
		{1EA01F15-FF3D-497D-B888-B10E57BBB993}.Release|x86.Build.0 = Release|Any CPU
		{1B5F7110-2596-4BBC-AB54-F87CBF1F5D9C}.Ad-Hoc|Any CPU.ActiveCfg = Debug|Any CPU
		{1B5F7110-2596-4BBC-AB54-F87CBF1F5D9C}.Ad-Hoc|Any CPU.Build.0 = Debug|Any CPU
		{1B5F7110-2596-4BBC-AB54-F87CBF1F5D9C}.Ad-Hoc|ARM.ActiveCfg = Debug|Any CPU
		{1B5F7110-2596-4BBC-AB54-F87CBF1F5D9C}.Ad-Hoc|ARM.Build.0 = Debug|Any CPU
		{1B5F7110-2596-4BBC-AB54-F87CBF1F5D9C}.Ad-Hoc|iPhone.ActiveCfg = Debug|Any CPU
		{1B5F7110-2596-4BBC-AB54-F87CBF1F5D9C}.Ad-Hoc|iPhone.Build.0 = Debug|Any CPU
		{1B5F7110-2596-4BBC-AB54-F87CBF1F5D9C}.Ad-Hoc|iPhoneSimulator.ActiveCfg = Debug|Any CPU
		{1B5F7110-2596-4BBC-AB54-F87CBF1F5D9C}.Ad-Hoc|iPhoneSimulator.Build.0 = Debug|Any CPU
		{1B5F7110-2596-4BBC-AB54-F87CBF1F5D9C}.Ad-Hoc|x64.ActiveCfg = Debug|Any CPU
		{1B5F7110-2596-4BBC-AB54-F87CBF1F5D9C}.Ad-Hoc|x64.Build.0 = Debug|Any CPU
		{1B5F7110-2596-4BBC-AB54-F87CBF1F5D9C}.Ad-Hoc|x86.ActiveCfg = Debug|Any CPU
		{1B5F7110-2596-4BBC-AB54-F87CBF1F5D9C}.Ad-Hoc|x86.Build.0 = Debug|Any CPU
		{1B5F7110-2596-4BBC-AB54-F87CBF1F5D9C}.AppStore|Any CPU.ActiveCfg = Debug|Any CPU
		{1B5F7110-2596-4BBC-AB54-F87CBF1F5D9C}.AppStore|Any CPU.Build.0 = Debug|Any CPU
		{1B5F7110-2596-4BBC-AB54-F87CBF1F5D9C}.AppStore|ARM.ActiveCfg = Debug|Any CPU
		{1B5F7110-2596-4BBC-AB54-F87CBF1F5D9C}.AppStore|ARM.Build.0 = Debug|Any CPU
		{1B5F7110-2596-4BBC-AB54-F87CBF1F5D9C}.AppStore|iPhone.ActiveCfg = Debug|Any CPU
		{1B5F7110-2596-4BBC-AB54-F87CBF1F5D9C}.AppStore|iPhone.Build.0 = Debug|Any CPU
		{1B5F7110-2596-4BBC-AB54-F87CBF1F5D9C}.AppStore|iPhoneSimulator.ActiveCfg = Debug|Any CPU
		{1B5F7110-2596-4BBC-AB54-F87CBF1F5D9C}.AppStore|iPhoneSimulator.Build.0 = Debug|Any CPU
		{1B5F7110-2596-4BBC-AB54-F87CBF1F5D9C}.AppStore|x64.ActiveCfg = Debug|Any CPU
		{1B5F7110-2596-4BBC-AB54-F87CBF1F5D9C}.AppStore|x64.Build.0 = Debug|Any CPU
		{1B5F7110-2596-4BBC-AB54-F87CBF1F5D9C}.AppStore|x86.ActiveCfg = Debug|Any CPU
		{1B5F7110-2596-4BBC-AB54-F87CBF1F5D9C}.AppStore|x86.Build.0 = Debug|Any CPU
		{1B5F7110-2596-4BBC-AB54-F87CBF1F5D9C}.Debug|Any CPU.ActiveCfg = Debug|Any CPU
		{1B5F7110-2596-4BBC-AB54-F87CBF1F5D9C}.Debug|Any CPU.Build.0 = Debug|Any CPU
		{1B5F7110-2596-4BBC-AB54-F87CBF1F5D9C}.Debug|ARM.ActiveCfg = Debug|Any CPU
		{1B5F7110-2596-4BBC-AB54-F87CBF1F5D9C}.Debug|ARM.Build.0 = Debug|Any CPU
		{1B5F7110-2596-4BBC-AB54-F87CBF1F5D9C}.Debug|iPhone.ActiveCfg = Debug|Any CPU
		{1B5F7110-2596-4BBC-AB54-F87CBF1F5D9C}.Debug|iPhone.Build.0 = Debug|Any CPU
		{1B5F7110-2596-4BBC-AB54-F87CBF1F5D9C}.Debug|iPhoneSimulator.ActiveCfg = Debug|Any CPU
		{1B5F7110-2596-4BBC-AB54-F87CBF1F5D9C}.Debug|iPhoneSimulator.Build.0 = Debug|Any CPU
		{1B5F7110-2596-4BBC-AB54-F87CBF1F5D9C}.Debug|x64.ActiveCfg = Debug|Any CPU
		{1B5F7110-2596-4BBC-AB54-F87CBF1F5D9C}.Debug|x64.Build.0 = Debug|Any CPU
		{1B5F7110-2596-4BBC-AB54-F87CBF1F5D9C}.Debug|x86.ActiveCfg = Debug|Any CPU
		{1B5F7110-2596-4BBC-AB54-F87CBF1F5D9C}.Debug|x86.Build.0 = Debug|Any CPU
		{1B5F7110-2596-4BBC-AB54-F87CBF1F5D9C}.Release|Any CPU.ActiveCfg = Release|Any CPU
		{1B5F7110-2596-4BBC-AB54-F87CBF1F5D9C}.Release|Any CPU.Build.0 = Release|Any CPU
		{1B5F7110-2596-4BBC-AB54-F87CBF1F5D9C}.Release|ARM.ActiveCfg = Release|Any CPU
		{1B5F7110-2596-4BBC-AB54-F87CBF1F5D9C}.Release|ARM.Build.0 = Release|Any CPU
		{1B5F7110-2596-4BBC-AB54-F87CBF1F5D9C}.Release|iPhone.ActiveCfg = Release|Any CPU
		{1B5F7110-2596-4BBC-AB54-F87CBF1F5D9C}.Release|iPhone.Build.0 = Release|Any CPU
		{1B5F7110-2596-4BBC-AB54-F87CBF1F5D9C}.Release|iPhoneSimulator.ActiveCfg = Release|Any CPU
		{1B5F7110-2596-4BBC-AB54-F87CBF1F5D9C}.Release|iPhoneSimulator.Build.0 = Release|Any CPU
		{1B5F7110-2596-4BBC-AB54-F87CBF1F5D9C}.Release|x64.ActiveCfg = Release|Any CPU
		{1B5F7110-2596-4BBC-AB54-F87CBF1F5D9C}.Release|x64.Build.0 = Release|Any CPU
		{1B5F7110-2596-4BBC-AB54-F87CBF1F5D9C}.Release|x86.ActiveCfg = Release|Any CPU
		{1B5F7110-2596-4BBC-AB54-F87CBF1F5D9C}.Release|x86.Build.0 = Release|Any CPU
		{D8FB6880-48D9-4255-9B10-79A49AC8A83B}.Ad-Hoc|Any CPU.ActiveCfg = Debug|Any CPU
		{D8FB6880-48D9-4255-9B10-79A49AC8A83B}.Ad-Hoc|Any CPU.Build.0 = Debug|Any CPU
		{D8FB6880-48D9-4255-9B10-79A49AC8A83B}.Ad-Hoc|ARM.ActiveCfg = Debug|Any CPU
		{D8FB6880-48D9-4255-9B10-79A49AC8A83B}.Ad-Hoc|ARM.Build.0 = Debug|Any CPU
		{D8FB6880-48D9-4255-9B10-79A49AC8A83B}.Ad-Hoc|iPhone.ActiveCfg = Debug|Any CPU
		{D8FB6880-48D9-4255-9B10-79A49AC8A83B}.Ad-Hoc|iPhone.Build.0 = Debug|Any CPU
		{D8FB6880-48D9-4255-9B10-79A49AC8A83B}.Ad-Hoc|iPhoneSimulator.ActiveCfg = Debug|Any CPU
		{D8FB6880-48D9-4255-9B10-79A49AC8A83B}.Ad-Hoc|iPhoneSimulator.Build.0 = Debug|Any CPU
		{D8FB6880-48D9-4255-9B10-79A49AC8A83B}.Ad-Hoc|x64.ActiveCfg = Debug|Any CPU
		{D8FB6880-48D9-4255-9B10-79A49AC8A83B}.Ad-Hoc|x64.Build.0 = Debug|Any CPU
		{D8FB6880-48D9-4255-9B10-79A49AC8A83B}.Ad-Hoc|x86.ActiveCfg = Debug|Any CPU
		{D8FB6880-48D9-4255-9B10-79A49AC8A83B}.Ad-Hoc|x86.Build.0 = Debug|Any CPU
		{D8FB6880-48D9-4255-9B10-79A49AC8A83B}.AppStore|Any CPU.ActiveCfg = Debug|Any CPU
		{D8FB6880-48D9-4255-9B10-79A49AC8A83B}.AppStore|Any CPU.Build.0 = Debug|Any CPU
		{D8FB6880-48D9-4255-9B10-79A49AC8A83B}.AppStore|ARM.ActiveCfg = Debug|Any CPU
		{D8FB6880-48D9-4255-9B10-79A49AC8A83B}.AppStore|ARM.Build.0 = Debug|Any CPU
		{D8FB6880-48D9-4255-9B10-79A49AC8A83B}.AppStore|iPhone.ActiveCfg = Debug|Any CPU
		{D8FB6880-48D9-4255-9B10-79A49AC8A83B}.AppStore|iPhone.Build.0 = Debug|Any CPU
		{D8FB6880-48D9-4255-9B10-79A49AC8A83B}.AppStore|iPhoneSimulator.ActiveCfg = Debug|Any CPU
		{D8FB6880-48D9-4255-9B10-79A49AC8A83B}.AppStore|iPhoneSimulator.Build.0 = Debug|Any CPU
		{D8FB6880-48D9-4255-9B10-79A49AC8A83B}.AppStore|x64.ActiveCfg = Debug|Any CPU
		{D8FB6880-48D9-4255-9B10-79A49AC8A83B}.AppStore|x64.Build.0 = Debug|Any CPU
		{D8FB6880-48D9-4255-9B10-79A49AC8A83B}.AppStore|x86.ActiveCfg = Debug|Any CPU
		{D8FB6880-48D9-4255-9B10-79A49AC8A83B}.AppStore|x86.Build.0 = Debug|Any CPU
		{D8FB6880-48D9-4255-9B10-79A49AC8A83B}.Debug|Any CPU.ActiveCfg = Debug|Any CPU
		{D8FB6880-48D9-4255-9B10-79A49AC8A83B}.Debug|Any CPU.Build.0 = Debug|Any CPU
		{D8FB6880-48D9-4255-9B10-79A49AC8A83B}.Debug|ARM.ActiveCfg = Debug|Any CPU
		{D8FB6880-48D9-4255-9B10-79A49AC8A83B}.Debug|ARM.Build.0 = Debug|Any CPU
		{D8FB6880-48D9-4255-9B10-79A49AC8A83B}.Debug|iPhone.ActiveCfg = Debug|Any CPU
		{D8FB6880-48D9-4255-9B10-79A49AC8A83B}.Debug|iPhone.Build.0 = Debug|Any CPU
		{D8FB6880-48D9-4255-9B10-79A49AC8A83B}.Debug|iPhoneSimulator.ActiveCfg = Debug|Any CPU
		{D8FB6880-48D9-4255-9B10-79A49AC8A83B}.Debug|iPhoneSimulator.Build.0 = Debug|Any CPU
		{D8FB6880-48D9-4255-9B10-79A49AC8A83B}.Debug|x64.ActiveCfg = Debug|Any CPU
		{D8FB6880-48D9-4255-9B10-79A49AC8A83B}.Debug|x64.Build.0 = Debug|Any CPU
		{D8FB6880-48D9-4255-9B10-79A49AC8A83B}.Debug|x86.ActiveCfg = Debug|Any CPU
		{D8FB6880-48D9-4255-9B10-79A49AC8A83B}.Debug|x86.Build.0 = Debug|Any CPU
		{D8FB6880-48D9-4255-9B10-79A49AC8A83B}.Release|Any CPU.ActiveCfg = Release|Any CPU
		{D8FB6880-48D9-4255-9B10-79A49AC8A83B}.Release|Any CPU.Build.0 = Release|Any CPU
		{D8FB6880-48D9-4255-9B10-79A49AC8A83B}.Release|ARM.ActiveCfg = Release|Any CPU
		{D8FB6880-48D9-4255-9B10-79A49AC8A83B}.Release|ARM.Build.0 = Release|Any CPU
		{D8FB6880-48D9-4255-9B10-79A49AC8A83B}.Release|iPhone.ActiveCfg = Release|Any CPU
		{D8FB6880-48D9-4255-9B10-79A49AC8A83B}.Release|iPhone.Build.0 = Release|Any CPU
		{D8FB6880-48D9-4255-9B10-79A49AC8A83B}.Release|iPhoneSimulator.ActiveCfg = Release|Any CPU
		{D8FB6880-48D9-4255-9B10-79A49AC8A83B}.Release|iPhoneSimulator.Build.0 = Release|Any CPU
		{D8FB6880-48D9-4255-9B10-79A49AC8A83B}.Release|x64.ActiveCfg = Release|Any CPU
		{D8FB6880-48D9-4255-9B10-79A49AC8A83B}.Release|x64.Build.0 = Release|Any CPU
		{D8FB6880-48D9-4255-9B10-79A49AC8A83B}.Release|x86.ActiveCfg = Release|Any CPU
		{D8FB6880-48D9-4255-9B10-79A49AC8A83B}.Release|x86.Build.0 = Release|Any CPU
		{CB1BDF06-1FD2-417A-81B7-B6D393D0CEBF}.Ad-Hoc|Any CPU.ActiveCfg = Debug|Any CPU
		{CB1BDF06-1FD2-417A-81B7-B6D393D0CEBF}.Ad-Hoc|Any CPU.Build.0 = Debug|Any CPU
		{CB1BDF06-1FD2-417A-81B7-B6D393D0CEBF}.Ad-Hoc|ARM.ActiveCfg = Debug|Any CPU
		{CB1BDF06-1FD2-417A-81B7-B6D393D0CEBF}.Ad-Hoc|ARM.Build.0 = Debug|Any CPU
		{CB1BDF06-1FD2-417A-81B7-B6D393D0CEBF}.Ad-Hoc|iPhone.ActiveCfg = Debug|Any CPU
		{CB1BDF06-1FD2-417A-81B7-B6D393D0CEBF}.Ad-Hoc|iPhone.Build.0 = Debug|Any CPU
		{CB1BDF06-1FD2-417A-81B7-B6D393D0CEBF}.Ad-Hoc|iPhoneSimulator.ActiveCfg = Debug|Any CPU
		{CB1BDF06-1FD2-417A-81B7-B6D393D0CEBF}.Ad-Hoc|iPhoneSimulator.Build.0 = Debug|Any CPU
		{CB1BDF06-1FD2-417A-81B7-B6D393D0CEBF}.Ad-Hoc|x64.ActiveCfg = Debug|Any CPU
		{CB1BDF06-1FD2-417A-81B7-B6D393D0CEBF}.Ad-Hoc|x64.Build.0 = Debug|Any CPU
		{CB1BDF06-1FD2-417A-81B7-B6D393D0CEBF}.Ad-Hoc|x86.ActiveCfg = Debug|Any CPU
		{CB1BDF06-1FD2-417A-81B7-B6D393D0CEBF}.Ad-Hoc|x86.Build.0 = Debug|Any CPU
		{CB1BDF06-1FD2-417A-81B7-B6D393D0CEBF}.AppStore|Any CPU.ActiveCfg = Debug|Any CPU
		{CB1BDF06-1FD2-417A-81B7-B6D393D0CEBF}.AppStore|Any CPU.Build.0 = Debug|Any CPU
		{CB1BDF06-1FD2-417A-81B7-B6D393D0CEBF}.AppStore|ARM.ActiveCfg = Debug|Any CPU
		{CB1BDF06-1FD2-417A-81B7-B6D393D0CEBF}.AppStore|ARM.Build.0 = Debug|Any CPU
		{CB1BDF06-1FD2-417A-81B7-B6D393D0CEBF}.AppStore|iPhone.ActiveCfg = Debug|Any CPU
		{CB1BDF06-1FD2-417A-81B7-B6D393D0CEBF}.AppStore|iPhone.Build.0 = Debug|Any CPU
		{CB1BDF06-1FD2-417A-81B7-B6D393D0CEBF}.AppStore|iPhoneSimulator.ActiveCfg = Debug|Any CPU
		{CB1BDF06-1FD2-417A-81B7-B6D393D0CEBF}.AppStore|iPhoneSimulator.Build.0 = Debug|Any CPU
		{CB1BDF06-1FD2-417A-81B7-B6D393D0CEBF}.AppStore|x64.ActiveCfg = Debug|Any CPU
		{CB1BDF06-1FD2-417A-81B7-B6D393D0CEBF}.AppStore|x64.Build.0 = Debug|Any CPU
		{CB1BDF06-1FD2-417A-81B7-B6D393D0CEBF}.AppStore|x86.ActiveCfg = Debug|Any CPU
		{CB1BDF06-1FD2-417A-81B7-B6D393D0CEBF}.AppStore|x86.Build.0 = Debug|Any CPU
		{CB1BDF06-1FD2-417A-81B7-B6D393D0CEBF}.Debug|Any CPU.ActiveCfg = Debug|Any CPU
		{CB1BDF06-1FD2-417A-81B7-B6D393D0CEBF}.Debug|Any CPU.Build.0 = Debug|Any CPU
		{CB1BDF06-1FD2-417A-81B7-B6D393D0CEBF}.Debug|ARM.ActiveCfg = Debug|Any CPU
		{CB1BDF06-1FD2-417A-81B7-B6D393D0CEBF}.Debug|ARM.Build.0 = Debug|Any CPU
		{CB1BDF06-1FD2-417A-81B7-B6D393D0CEBF}.Debug|iPhone.ActiveCfg = Debug|Any CPU
		{CB1BDF06-1FD2-417A-81B7-B6D393D0CEBF}.Debug|iPhone.Build.0 = Debug|Any CPU
		{CB1BDF06-1FD2-417A-81B7-B6D393D0CEBF}.Debug|iPhoneSimulator.ActiveCfg = Debug|Any CPU
		{CB1BDF06-1FD2-417A-81B7-B6D393D0CEBF}.Debug|iPhoneSimulator.Build.0 = Debug|Any CPU
		{CB1BDF06-1FD2-417A-81B7-B6D393D0CEBF}.Debug|x64.ActiveCfg = Debug|Any CPU
		{CB1BDF06-1FD2-417A-81B7-B6D393D0CEBF}.Debug|x64.Build.0 = Debug|Any CPU
		{CB1BDF06-1FD2-417A-81B7-B6D393D0CEBF}.Debug|x86.ActiveCfg = Debug|Any CPU
		{CB1BDF06-1FD2-417A-81B7-B6D393D0CEBF}.Debug|x86.Build.0 = Debug|Any CPU
		{CB1BDF06-1FD2-417A-81B7-B6D393D0CEBF}.Release|Any CPU.ActiveCfg = Release|Any CPU
		{CB1BDF06-1FD2-417A-81B7-B6D393D0CEBF}.Release|Any CPU.Build.0 = Release|Any CPU
		{CB1BDF06-1FD2-417A-81B7-B6D393D0CEBF}.Release|ARM.ActiveCfg = Release|Any CPU
		{CB1BDF06-1FD2-417A-81B7-B6D393D0CEBF}.Release|ARM.Build.0 = Release|Any CPU
		{CB1BDF06-1FD2-417A-81B7-B6D393D0CEBF}.Release|iPhone.ActiveCfg = Release|Any CPU
		{CB1BDF06-1FD2-417A-81B7-B6D393D0CEBF}.Release|iPhone.Build.0 = Release|Any CPU
		{CB1BDF06-1FD2-417A-81B7-B6D393D0CEBF}.Release|iPhoneSimulator.ActiveCfg = Release|Any CPU
		{CB1BDF06-1FD2-417A-81B7-B6D393D0CEBF}.Release|iPhoneSimulator.Build.0 = Release|Any CPU
		{CB1BDF06-1FD2-417A-81B7-B6D393D0CEBF}.Release|x64.ActiveCfg = Release|Any CPU
		{CB1BDF06-1FD2-417A-81B7-B6D393D0CEBF}.Release|x64.Build.0 = Release|Any CPU
		{CB1BDF06-1FD2-417A-81B7-B6D393D0CEBF}.Release|x86.ActiveCfg = Release|Any CPU
		{CB1BDF06-1FD2-417A-81B7-B6D393D0CEBF}.Release|x86.Build.0 = Release|Any CPU
		{12475E9C-F72B-426A-AC70-7C39547EDF49}.Ad-Hoc|Any CPU.ActiveCfg = Debug|Any CPU
		{12475E9C-F72B-426A-AC70-7C39547EDF49}.Ad-Hoc|Any CPU.Build.0 = Debug|Any CPU
		{12475E9C-F72B-426A-AC70-7C39547EDF49}.Ad-Hoc|ARM.ActiveCfg = Debug|Any CPU
		{12475E9C-F72B-426A-AC70-7C39547EDF49}.Ad-Hoc|ARM.Build.0 = Debug|Any CPU
		{12475E9C-F72B-426A-AC70-7C39547EDF49}.Ad-Hoc|iPhone.ActiveCfg = Debug|Any CPU
		{12475E9C-F72B-426A-AC70-7C39547EDF49}.Ad-Hoc|iPhone.Build.0 = Debug|Any CPU
		{12475E9C-F72B-426A-AC70-7C39547EDF49}.Ad-Hoc|iPhoneSimulator.ActiveCfg = Debug|Any CPU
		{12475E9C-F72B-426A-AC70-7C39547EDF49}.Ad-Hoc|iPhoneSimulator.Build.0 = Debug|Any CPU
		{12475E9C-F72B-426A-AC70-7C39547EDF49}.Ad-Hoc|x64.ActiveCfg = Debug|Any CPU
		{12475E9C-F72B-426A-AC70-7C39547EDF49}.Ad-Hoc|x64.Build.0 = Debug|Any CPU
		{12475E9C-F72B-426A-AC70-7C39547EDF49}.Ad-Hoc|x86.ActiveCfg = Debug|Any CPU
		{12475E9C-F72B-426A-AC70-7C39547EDF49}.Ad-Hoc|x86.Build.0 = Debug|Any CPU
		{12475E9C-F72B-426A-AC70-7C39547EDF49}.AppStore|Any CPU.ActiveCfg = Debug|Any CPU
		{12475E9C-F72B-426A-AC70-7C39547EDF49}.AppStore|Any CPU.Build.0 = Debug|Any CPU
		{12475E9C-F72B-426A-AC70-7C39547EDF49}.AppStore|ARM.ActiveCfg = Debug|Any CPU
		{12475E9C-F72B-426A-AC70-7C39547EDF49}.AppStore|ARM.Build.0 = Debug|Any CPU
		{12475E9C-F72B-426A-AC70-7C39547EDF49}.AppStore|iPhone.ActiveCfg = Debug|Any CPU
		{12475E9C-F72B-426A-AC70-7C39547EDF49}.AppStore|iPhone.Build.0 = Debug|Any CPU
		{12475E9C-F72B-426A-AC70-7C39547EDF49}.AppStore|iPhoneSimulator.ActiveCfg = Debug|Any CPU
		{12475E9C-F72B-426A-AC70-7C39547EDF49}.AppStore|iPhoneSimulator.Build.0 = Debug|Any CPU
		{12475E9C-F72B-426A-AC70-7C39547EDF49}.AppStore|x64.ActiveCfg = Debug|Any CPU
		{12475E9C-F72B-426A-AC70-7C39547EDF49}.AppStore|x64.Build.0 = Debug|Any CPU
		{12475E9C-F72B-426A-AC70-7C39547EDF49}.AppStore|x86.ActiveCfg = Debug|Any CPU
		{12475E9C-F72B-426A-AC70-7C39547EDF49}.AppStore|x86.Build.0 = Debug|Any CPU
		{12475E9C-F72B-426A-AC70-7C39547EDF49}.Debug|Any CPU.ActiveCfg = Debug|Any CPU
		{12475E9C-F72B-426A-AC70-7C39547EDF49}.Debug|Any CPU.Build.0 = Debug|Any CPU
		{12475E9C-F72B-426A-AC70-7C39547EDF49}.Debug|ARM.ActiveCfg = Debug|Any CPU
		{12475E9C-F72B-426A-AC70-7C39547EDF49}.Debug|ARM.Build.0 = Debug|Any CPU
		{12475E9C-F72B-426A-AC70-7C39547EDF49}.Debug|iPhone.ActiveCfg = Debug|Any CPU
		{12475E9C-F72B-426A-AC70-7C39547EDF49}.Debug|iPhone.Build.0 = Debug|Any CPU
		{12475E9C-F72B-426A-AC70-7C39547EDF49}.Debug|iPhoneSimulator.ActiveCfg = Debug|Any CPU
		{12475E9C-F72B-426A-AC70-7C39547EDF49}.Debug|iPhoneSimulator.Build.0 = Debug|Any CPU
		{12475E9C-F72B-426A-AC70-7C39547EDF49}.Debug|x64.ActiveCfg = Debug|Any CPU
		{12475E9C-F72B-426A-AC70-7C39547EDF49}.Debug|x64.Build.0 = Debug|Any CPU
		{12475E9C-F72B-426A-AC70-7C39547EDF49}.Debug|x86.ActiveCfg = Debug|Any CPU
		{12475E9C-F72B-426A-AC70-7C39547EDF49}.Debug|x86.Build.0 = Debug|Any CPU
		{12475E9C-F72B-426A-AC70-7C39547EDF49}.Release|Any CPU.ActiveCfg = Release|Any CPU
		{12475E9C-F72B-426A-AC70-7C39547EDF49}.Release|Any CPU.Build.0 = Release|Any CPU
		{12475E9C-F72B-426A-AC70-7C39547EDF49}.Release|ARM.ActiveCfg = Release|Any CPU
		{12475E9C-F72B-426A-AC70-7C39547EDF49}.Release|ARM.Build.0 = Release|Any CPU
		{12475E9C-F72B-426A-AC70-7C39547EDF49}.Release|iPhone.ActiveCfg = Release|Any CPU
		{12475E9C-F72B-426A-AC70-7C39547EDF49}.Release|iPhone.Build.0 = Release|Any CPU
		{12475E9C-F72B-426A-AC70-7C39547EDF49}.Release|iPhoneSimulator.ActiveCfg = Release|Any CPU
		{12475E9C-F72B-426A-AC70-7C39547EDF49}.Release|iPhoneSimulator.Build.0 = Release|Any CPU
		{12475E9C-F72B-426A-AC70-7C39547EDF49}.Release|x64.ActiveCfg = Release|Any CPU
		{12475E9C-F72B-426A-AC70-7C39547EDF49}.Release|x64.Build.0 = Release|Any CPU
		{12475E9C-F72B-426A-AC70-7C39547EDF49}.Release|x86.ActiveCfg = Release|Any CPU
		{12475E9C-F72B-426A-AC70-7C39547EDF49}.Release|x86.Build.0 = Release|Any CPU
		{009306F2-8E68-4353-B766-26586481F020}.Ad-Hoc|Any CPU.ActiveCfg = Debug|Any CPU
		{009306F2-8E68-4353-B766-26586481F020}.Ad-Hoc|Any CPU.Build.0 = Debug|Any CPU
		{009306F2-8E68-4353-B766-26586481F020}.Ad-Hoc|ARM.ActiveCfg = Debug|Any CPU
		{009306F2-8E68-4353-B766-26586481F020}.Ad-Hoc|ARM.Build.0 = Debug|Any CPU
		{009306F2-8E68-4353-B766-26586481F020}.Ad-Hoc|iPhone.ActiveCfg = Debug|Any CPU
		{009306F2-8E68-4353-B766-26586481F020}.Ad-Hoc|iPhone.Build.0 = Debug|Any CPU
		{009306F2-8E68-4353-B766-26586481F020}.Ad-Hoc|iPhoneSimulator.ActiveCfg = Debug|Any CPU
		{009306F2-8E68-4353-B766-26586481F020}.Ad-Hoc|iPhoneSimulator.Build.0 = Debug|Any CPU
		{009306F2-8E68-4353-B766-26586481F020}.Ad-Hoc|x64.ActiveCfg = Debug|Any CPU
		{009306F2-8E68-4353-B766-26586481F020}.Ad-Hoc|x64.Build.0 = Debug|Any CPU
		{009306F2-8E68-4353-B766-26586481F020}.Ad-Hoc|x86.ActiveCfg = Debug|Any CPU
		{009306F2-8E68-4353-B766-26586481F020}.Ad-Hoc|x86.Build.0 = Debug|Any CPU
		{009306F2-8E68-4353-B766-26586481F020}.AppStore|Any CPU.ActiveCfg = Debug|Any CPU
		{009306F2-8E68-4353-B766-26586481F020}.AppStore|Any CPU.Build.0 = Debug|Any CPU
		{009306F2-8E68-4353-B766-26586481F020}.AppStore|ARM.ActiveCfg = Debug|Any CPU
		{009306F2-8E68-4353-B766-26586481F020}.AppStore|ARM.Build.0 = Debug|Any CPU
		{009306F2-8E68-4353-B766-26586481F020}.AppStore|iPhone.ActiveCfg = Debug|Any CPU
		{009306F2-8E68-4353-B766-26586481F020}.AppStore|iPhone.Build.0 = Debug|Any CPU
		{009306F2-8E68-4353-B766-26586481F020}.AppStore|iPhoneSimulator.ActiveCfg = Debug|Any CPU
		{009306F2-8E68-4353-B766-26586481F020}.AppStore|iPhoneSimulator.Build.0 = Debug|Any CPU
		{009306F2-8E68-4353-B766-26586481F020}.AppStore|x64.ActiveCfg = Debug|Any CPU
		{009306F2-8E68-4353-B766-26586481F020}.AppStore|x64.Build.0 = Debug|Any CPU
		{009306F2-8E68-4353-B766-26586481F020}.AppStore|x86.ActiveCfg = Debug|Any CPU
		{009306F2-8E68-4353-B766-26586481F020}.AppStore|x86.Build.0 = Debug|Any CPU
		{009306F2-8E68-4353-B766-26586481F020}.Debug|Any CPU.ActiveCfg = Debug|Any CPU
		{009306F2-8E68-4353-B766-26586481F020}.Debug|Any CPU.Build.0 = Debug|Any CPU
		{009306F2-8E68-4353-B766-26586481F020}.Debug|ARM.ActiveCfg = Debug|Any CPU
		{009306F2-8E68-4353-B766-26586481F020}.Debug|ARM.Build.0 = Debug|Any CPU
		{009306F2-8E68-4353-B766-26586481F020}.Debug|iPhone.ActiveCfg = Debug|Any CPU
		{009306F2-8E68-4353-B766-26586481F020}.Debug|iPhone.Build.0 = Debug|Any CPU
		{009306F2-8E68-4353-B766-26586481F020}.Debug|iPhoneSimulator.ActiveCfg = Debug|Any CPU
		{009306F2-8E68-4353-B766-26586481F020}.Debug|iPhoneSimulator.Build.0 = Debug|Any CPU
		{009306F2-8E68-4353-B766-26586481F020}.Debug|x64.ActiveCfg = Debug|Any CPU
		{009306F2-8E68-4353-B766-26586481F020}.Debug|x64.Build.0 = Debug|Any CPU
		{009306F2-8E68-4353-B766-26586481F020}.Debug|x86.ActiveCfg = Debug|Any CPU
		{009306F2-8E68-4353-B766-26586481F020}.Debug|x86.Build.0 = Debug|Any CPU
		{009306F2-8E68-4353-B766-26586481F020}.Release|Any CPU.ActiveCfg = Release|Any CPU
		{009306F2-8E68-4353-B766-26586481F020}.Release|Any CPU.Build.0 = Release|Any CPU
		{009306F2-8E68-4353-B766-26586481F020}.Release|ARM.ActiveCfg = Release|Any CPU
		{009306F2-8E68-4353-B766-26586481F020}.Release|ARM.Build.0 = Release|Any CPU
		{009306F2-8E68-4353-B766-26586481F020}.Release|iPhone.ActiveCfg = Release|Any CPU
		{009306F2-8E68-4353-B766-26586481F020}.Release|iPhone.Build.0 = Release|Any CPU
		{009306F2-8E68-4353-B766-26586481F020}.Release|iPhoneSimulator.ActiveCfg = Release|Any CPU
		{009306F2-8E68-4353-B766-26586481F020}.Release|iPhoneSimulator.Build.0 = Release|Any CPU
		{009306F2-8E68-4353-B766-26586481F020}.Release|x64.ActiveCfg = Release|Any CPU
		{009306F2-8E68-4353-B766-26586481F020}.Release|x64.Build.0 = Release|Any CPU
		{009306F2-8E68-4353-B766-26586481F020}.Release|x86.ActiveCfg = Release|Any CPU
		{009306F2-8E68-4353-B766-26586481F020}.Release|x86.Build.0 = Release|Any CPU
		{2A4041DA-7B90-409B-AB55-D3436FF6FE5F}.Ad-Hoc|Any CPU.ActiveCfg = Debug|Any CPU
		{2A4041DA-7B90-409B-AB55-D3436FF6FE5F}.Ad-Hoc|Any CPU.Build.0 = Debug|Any CPU
		{2A4041DA-7B90-409B-AB55-D3436FF6FE5F}.Ad-Hoc|ARM.ActiveCfg = Debug|Any CPU
		{2A4041DA-7B90-409B-AB55-D3436FF6FE5F}.Ad-Hoc|ARM.Build.0 = Debug|Any CPU
		{2A4041DA-7B90-409B-AB55-D3436FF6FE5F}.Ad-Hoc|iPhone.ActiveCfg = Debug|Any CPU
		{2A4041DA-7B90-409B-AB55-D3436FF6FE5F}.Ad-Hoc|iPhone.Build.0 = Debug|Any CPU
		{2A4041DA-7B90-409B-AB55-D3436FF6FE5F}.Ad-Hoc|iPhoneSimulator.ActiveCfg = Debug|Any CPU
		{2A4041DA-7B90-409B-AB55-D3436FF6FE5F}.Ad-Hoc|iPhoneSimulator.Build.0 = Debug|Any CPU
		{2A4041DA-7B90-409B-AB55-D3436FF6FE5F}.Ad-Hoc|x64.ActiveCfg = Debug|Any CPU
		{2A4041DA-7B90-409B-AB55-D3436FF6FE5F}.Ad-Hoc|x64.Build.0 = Debug|Any CPU
		{2A4041DA-7B90-409B-AB55-D3436FF6FE5F}.Ad-Hoc|x86.ActiveCfg = Debug|Any CPU
		{2A4041DA-7B90-409B-AB55-D3436FF6FE5F}.Ad-Hoc|x86.Build.0 = Debug|Any CPU
		{2A4041DA-7B90-409B-AB55-D3436FF6FE5F}.AppStore|Any CPU.ActiveCfg = Debug|Any CPU
		{2A4041DA-7B90-409B-AB55-D3436FF6FE5F}.AppStore|Any CPU.Build.0 = Debug|Any CPU
		{2A4041DA-7B90-409B-AB55-D3436FF6FE5F}.AppStore|ARM.ActiveCfg = Debug|Any CPU
		{2A4041DA-7B90-409B-AB55-D3436FF6FE5F}.AppStore|ARM.Build.0 = Debug|Any CPU
		{2A4041DA-7B90-409B-AB55-D3436FF6FE5F}.AppStore|iPhone.ActiveCfg = Debug|Any CPU
		{2A4041DA-7B90-409B-AB55-D3436FF6FE5F}.AppStore|iPhone.Build.0 = Debug|Any CPU
		{2A4041DA-7B90-409B-AB55-D3436FF6FE5F}.AppStore|iPhoneSimulator.ActiveCfg = Debug|Any CPU
		{2A4041DA-7B90-409B-AB55-D3436FF6FE5F}.AppStore|iPhoneSimulator.Build.0 = Debug|Any CPU
		{2A4041DA-7B90-409B-AB55-D3436FF6FE5F}.AppStore|x64.ActiveCfg = Debug|Any CPU
		{2A4041DA-7B90-409B-AB55-D3436FF6FE5F}.AppStore|x64.Build.0 = Debug|Any CPU
		{2A4041DA-7B90-409B-AB55-D3436FF6FE5F}.AppStore|x86.ActiveCfg = Debug|Any CPU
		{2A4041DA-7B90-409B-AB55-D3436FF6FE5F}.AppStore|x86.Build.0 = Debug|Any CPU
		{2A4041DA-7B90-409B-AB55-D3436FF6FE5F}.Debug|Any CPU.ActiveCfg = Debug|Any CPU
		{2A4041DA-7B90-409B-AB55-D3436FF6FE5F}.Debug|Any CPU.Build.0 = Debug|Any CPU
		{2A4041DA-7B90-409B-AB55-D3436FF6FE5F}.Debug|ARM.ActiveCfg = Debug|Any CPU
		{2A4041DA-7B90-409B-AB55-D3436FF6FE5F}.Debug|ARM.Build.0 = Debug|Any CPU
		{2A4041DA-7B90-409B-AB55-D3436FF6FE5F}.Debug|iPhone.ActiveCfg = Debug|Any CPU
		{2A4041DA-7B90-409B-AB55-D3436FF6FE5F}.Debug|iPhone.Build.0 = Debug|Any CPU
		{2A4041DA-7B90-409B-AB55-D3436FF6FE5F}.Debug|iPhoneSimulator.ActiveCfg = Debug|Any CPU
		{2A4041DA-7B90-409B-AB55-D3436FF6FE5F}.Debug|iPhoneSimulator.Build.0 = Debug|Any CPU
		{2A4041DA-7B90-409B-AB55-D3436FF6FE5F}.Debug|x64.ActiveCfg = Debug|Any CPU
		{2A4041DA-7B90-409B-AB55-D3436FF6FE5F}.Debug|x64.Build.0 = Debug|Any CPU
		{2A4041DA-7B90-409B-AB55-D3436FF6FE5F}.Debug|x86.ActiveCfg = Debug|Any CPU
		{2A4041DA-7B90-409B-AB55-D3436FF6FE5F}.Debug|x86.Build.0 = Debug|Any CPU
		{2A4041DA-7B90-409B-AB55-D3436FF6FE5F}.Release|Any CPU.ActiveCfg = Release|Any CPU
		{2A4041DA-7B90-409B-AB55-D3436FF6FE5F}.Release|Any CPU.Build.0 = Release|Any CPU
		{2A4041DA-7B90-409B-AB55-D3436FF6FE5F}.Release|ARM.ActiveCfg = Release|Any CPU
		{2A4041DA-7B90-409B-AB55-D3436FF6FE5F}.Release|ARM.Build.0 = Release|Any CPU
		{2A4041DA-7B90-409B-AB55-D3436FF6FE5F}.Release|iPhone.ActiveCfg = Release|Any CPU
		{2A4041DA-7B90-409B-AB55-D3436FF6FE5F}.Release|iPhone.Build.0 = Release|Any CPU
		{2A4041DA-7B90-409B-AB55-D3436FF6FE5F}.Release|iPhoneSimulator.ActiveCfg = Release|Any CPU
		{2A4041DA-7B90-409B-AB55-D3436FF6FE5F}.Release|iPhoneSimulator.Build.0 = Release|Any CPU
		{2A4041DA-7B90-409B-AB55-D3436FF6FE5F}.Release|x64.ActiveCfg = Release|Any CPU
		{2A4041DA-7B90-409B-AB55-D3436FF6FE5F}.Release|x64.Build.0 = Release|Any CPU
		{2A4041DA-7B90-409B-AB55-D3436FF6FE5F}.Release|x86.ActiveCfg = Release|Any CPU
		{2A4041DA-7B90-409B-AB55-D3436FF6FE5F}.Release|x86.Build.0 = Release|Any CPU
	EndGlobalSection
	GlobalSection(SolutionProperties) = preSolution
		HideSolutionNode = FALSE
	EndGlobalSection
	GlobalSection(NestedProjects) = preSolution
		{4BE354DE-9B51-4DA3-890C-C8ACE21946E1} = {609C28DF-E685-4A2D-AAE3-804B85BA9BAB}
		{49AA4E43-74AE-4CE7-9D51-DFA8B0D4C504} = {609C28DF-E685-4A2D-AAE3-804B85BA9BAB}
	EndGlobalSection
	GlobalSection(ExtensibilityGlobals) = postSolution
		SolutionGuid = {5BDB9925-40B5-4255-8DB0-DEC38E6E2641}
	EndGlobalSection
	GlobalSection(TeamFoundationVersionControl) = preSolution
		SccNumberOfProjects = 14
		SccEnterpriseProvider = {4CA58AB2-18FA-4F8D-95D4-32DDF27D184C}
		SccTeamFoundationServer = https://whitedus.visualstudio.com/
		SccLocalPath0 = .
		SccProjectUniqueName1 = CarMaintenanceLog.Db\\CarMaintenanceLog.Db.sqlproj
		SccProjectName1 = CarMaintenanceLog.Db
		SccLocalPath1 = CarMaintenanceLog.Db
		SccProjectUniqueName2 = CarMaintenanceLog.Web\\CarMaintenanceLog.Web.csproj
		SccProjectTopLevelParentUniqueName2 = CarMaintenanceLog.sln
		SccProjectName2 = CarMaintenanceLog.Web
		SccLocalPath2 = CarMaintenanceLog.Web
		SccProjectUniqueName3 = CarMaintenanceLog.Data\\CarMaintenanceLog.Data.csproj
		SccProjectTopLevelParentUniqueName3 = CarMaintenanceLog.sln
		SccProjectName3 = CarMaintenanceLog.Data
		SccLocalPath3 = CarMaintenanceLog.Data
		SccProjectUniqueName4 = CarMaintenanceLog.Data.Core\\CarMaintenanceLog.Data.Core.csproj
		SccProjectName4 = CarMaintenanceLog.Data.Core
		SccLocalPath4 = CarMaintenanceLog.Data.Core
		SccProjectUniqueName5 = CarMaintenanceLog.Blazor\\CarMaintenanceLog.Blazor.csproj
		SccProjectName5 = CarMaintenanceLog.Blazor
		SccLocalPath5 = CarMaintenanceLog.Blazor
		SccProjectUniqueName6 = CarMaintenanceLog.Models\\CarMaintenanceLog.Models.csproj
		SccProjectName6 = CarMaintenanceLog.Models
		SccLocalPath6 = CarMaintenanceLog.Models
		SccProjectUniqueName7 = CarMaintenanceLog.Azure.Functions\\CarMaintenanceLog.Azure.Functions.csproj
		SccProjectName7 = CarMaintenanceLog.Azure.Functions
		SccLocalPath7 = CarMaintenanceLog.Azure.Functions
		SccProjectUniqueName8 = CarMaintenanceLog.Common\\CarMaintenanceLog.Common.csproj
		SccProjectName8 = CarMaintenanceLog.Common
		SccLocalPath8 = CarMaintenanceLog.Common
		SccProjectUniqueName9 = CarMaintenanceLog.Messaging\\CarMaintenanceLog.Messaging.csproj
		SccProjectName9 = CarMaintenanceLog.Messaging
		SccLocalPath9 = CarMaintenanceLog.Messaging
		SccProjectUniqueName10 = CarMaintenanceLog.Abstractions\\CarMaintenanceLog.Abstractions.csproj
		SccProjectName10 = CarMaintenanceLog.Abstractions
		SccLocalPath10 = CarMaintenanceLog.Abstractions
		SccProjectUniqueName11 = CarMaintenanceLog.Eventing\\CarMaintenanceLog.Eventing.csproj
		SccProjectName11 = CarMaintenanceLog.Eventing
		SccLocalPath11 = CarMaintenanceLog.Eventing
		SccProjectUniqueName12 = CarMaintenanceLog.Loader\\CarMaintenanceLog.Loader.csproj
		SccProjectName12 = CarMaintenanceLog.Loader
		SccLocalPath12 = CarMaintenanceLog.Loader
		SccProjectUniqueName13 = CarMaintenanceLog.SignalRClients\\CarMaintenanceLog.SignalRClients.csproj
		SccProjectName13 = CarMaintenanceLog.SignalRClients
		SccLocalPath13 = CarMaintenanceLog.SignalRClients
	EndGlobalSection
EndGlobal
