
Microsoft Visual Studio Solution File, Format Version 12.00
# Visual Studio Version 16
VisualStudioVersion = 16.0.29728.190
MinimumVisualStudioVersion = 10.0.40219.1
Project("{FAE04EC0-301F-11D3-BF4B-00C04F79EFBC}") = "fractals", "fractals\fractals.csproj", "{93F10B83-5F6D-4B0A-9892-82309E73C908}"
EndProject
Global
	GlobalSection(SolutionConfigurationPlatforms) = preSolution
		Debug|Any CPU = Debug|Any CPU
		Release|Any CPU = Release|Any CPU
	EndGlobalSection
	GlobalSection(ProjectConfigurationPlatforms) = postSolution
		{93F10B83-5F6D-4B0A-9892-82309E73C908}.Debug|Any CPU.ActiveCfg = Debug|Any CPU
		{93F10B83-5F6D-4B0A-9892-82309E73C908}.Debug|Any CPU.Build.0 = Debug|Any CPU
		{93F10B83-5F6D-4B0A-9892-82309E73C908}.Release|Any CPU.ActiveCfg = Release|Any CPU
		{93F10B83-5F6D-4B0A-9892-82309E73C908}.Release|Any CPU.Build.0 = Release|Any CPU
	EndGlobalSection
	GlobalSection(SolutionProperties) = preSolution
		HideSolutionNode = FALSE
	EndGlobalSection
	GlobalSection(ExtensibilityGlobals) = postSolution
		SolutionGuid = {5C0F4C7E-E084-43C0-BD7C-7B1BB8559592}
	EndGlobalSection
	GlobalSection(TeamFoundationVersionControl) = preSolution
		SccNumberOfProjects = 2
		SccEnterpriseProvider = {4CA58AB2-18FA-4F8D-95D4-32DDF27D184C}
		SccTeamFoundationServer = https://whitedus.visualstudio.com/
		SccProjectUniqueName0 = fractals\\fractals.csproj
		SccProjectName0 = fractals
		SccLocalPath0 = fractals
		SccLocalPath1 = .
	EndGlobalSection
EndGlobal
